// !$*UTF8*$!
{
	archiveVersion = 1;
	classes = {
	};
	objectVersion = 56;
	objects = {

/* Begin PBXBuildFile section */
		100000000000000000000001 /* SharedContainer.swift in Sources */ = {isa = PBXBuildFile; fileRef = F00000000000000000000101 /* SharedContainer.swift */; };
		100000000000000000000002 /* AppSettings.swift in Sources */ = {isa = PBXBuildFile; fileRef = F00000000000000000000102 /* AppSettings.swift */; };
		100000000000000000000003 /* AssetRecord.swift in Sources */ = {isa = PBXBuildFile; fileRef = F00000000000000000000103 /* AssetRecord.swift */; };
		100000000000000000000004 /* CatDetection.swift in Sources */ = {isa = PBXBuildFile; fileRef = F00000000000000000000104 /* CatDetection.swift */; };
		100000000000000000000005 /* LibrarySnapshot.swift in Sources */ = {isa = PBXBuildFile; fileRef = F00000000000000000000105 /* LibrarySnapshot.swift */; };
		100000000000000000000006 /* NekoWidgetError.swift in Sources */ = {isa = PBXBuildFile; fileRef = F00000000000000000000106 /* NekoWidgetError.swift */; };
		100000000000000000000007 /* NormalizedRect.swift in Sources */ = {isa = PBXBuildFile; fileRef = F00000000000000000000107 /* NormalizedRect.swift */; };
		100000000000000000000008 /* ProductConstraints.swift in Sources */ = {isa = PBXBuildFile; fileRef = F00000000000000000000108 /* ProductConstraints.swift */; };
		100000000000000000000009 /* ScanState.swift in Sources */ = {isa = PBXBuildFile; fileRef = F00000000000000000000109 /* ScanState.swift */; };
		10000000000000000000000A /* WidgetManifest.swift in Sources */ = {isa = PBXBuildFile; fileRef = F0000000000000000000010A /* WidgetManifest.swift */; };
		100000000000000000000146 /* WidgetRenderPlan.swift in Sources */ = {isa = PBXBuildFile; fileRef = F00000000000000000000110 /* WidgetRenderPlan.swift */; };
		10000000000000000000000B /* DeepLink.swift in Sources */ = {isa = PBXBuildFile; fileRef = F0000000000000000000010B /* DeepLink.swift */; };
		10000000000000000000000C /* AtomicJSON.swift in Sources */ = {isa = PBXBuildFile; fileRef = F0000000000000000000010C /* AtomicJSON.swift */; };
		10000000000000000000000D /* SharedLog.swift in Sources */ = {isa = PBXBuildFile; fileRef = F0000000000000000000010D /* SharedLog.swift */; };
		100000000000000000000175 /* DiagnosticLogPrivacy.swift in Sources */ = {isa = PBXBuildFile; fileRef = F00000000000000000000113 /* DiagnosticLogPrivacy.swift */; };
		10000000000000000000000E /* SharedLikeStore.swift in Sources */ = {isa = PBXBuildFile; fileRef = F0000000000000000000010E /* SharedLikeStore.swift */; };
		10000000000000000000000F /* CatPawMark.swift in Sources */ = {isa = PBXBuildFile; fileRef = F0000000000000000000010F /* CatPawMark.swift */; };
		100000000000000000000140 /* PairingCore.swift in Sources */ = {isa = PBXBuildFile; fileRef = F000000000000000000001A0 /* PairingCore.swift */; };
		100000000000000000000141 /* PairingKeychainStore.swift in Sources */ = {isa = PBXBuildFile; fileRef = F000000000000000000001A1 /* PairingKeychainStore.swift */; };
		100000000000000000000147 /* DailySharingCore.swift in Sources */ = {isa = PBXBuildFile; fileRef = F000000000000000000001A2 /* DailySharingCore.swift */; };
		100000000000000000000101 /* AppRootView.swift in Sources */ = {isa = PBXBuildFile; fileRef = F00000000000000000000201 /* AppRootView.swift */; };
		100000000000000000000102 /* NekoWidgetApp.swift in Sources */ = {isa = PBXBuildFile; fileRef = F00000000000000000000202 /* NekoWidgetApp.swift */; };
		100000000000000000000176 /* AppStoreScreenshotFixture.swift in Sources */ = {isa = PBXBuildFile; fileRef = F00000000000000000000259 /* AppStoreScreenshotFixture.swift */; };
		100000000000000000000110 /* JSONExporter.swift in Sources */ = {isa = PBXBuildFile; fileRef = F00000000000000000000210 /* JSONExporter.swift */; };
		100000000000000000000111 /* LibraryStore.swift in Sources */ = {isa = PBXBuildFile; fileRef = F00000000000000000000211 /* LibraryStore.swift */; };
		100000000000000000000112 /* PhotoAlbumService.swift in Sources */ = {isa = PBXBuildFile; fileRef = F00000000000000000000212 /* PhotoAlbumService.swift */; };
		100000000000000000000113 /* PhotoAuthorizationService.swift in Sources */ = {isa = PBXBuildFile; fileRef = F00000000000000000000213 /* PhotoAuthorizationService.swift */; };
		100000000000000000000114 /* PhotoImageLoader.swift in Sources */ = {isa = PBXBuildFile; fileRef = F00000000000000000000214 /* PhotoImageLoader.swift */; };
		100000000000000000000115 /* PhotoLibraryObserver.swift in Sources */ = {isa = PBXBuildFile; fileRef = F00000000000000000000215 /* PhotoLibraryObserver.swift */; };
		100000000000000000000116 /* PhotoLibraryScanner.swift in Sources */ = {isa = PBXBuildFile; fileRef = F00000000000000000000216 /* PhotoLibraryScanner.swift */; };
		100000000000000000000117 /* PhotoSelectors.swift in Sources */ = {isa = PBXBuildFile; fileRef = F00000000000000000000217 /* PhotoSelectors.swift */; };
		100000000000000000000118 /* WidgetCacheBuilder.swift in Sources */ = {isa = PBXBuildFile; fileRef = F00000000000000000000218 /* WidgetCacheBuilder.swift */; };
		100000000000000000000119 /* AppLogStore.swift in Sources */ = {isa = PBXBuildFile; fileRef = F00000000000000000000219 /* AppLogStore.swift */; };
		100000000000000000000120 /* AppViewModel.swift in Sources */ = {isa = PBXBuildFile; fileRef = F00000000000000000000220 /* AppViewModel.swift */; };
		100000000000000000000142 /* PairingInstallationGuard.swift in Sources */ = {isa = PBXBuildFile; fileRef = F0000000000000000000021A /* PairingInstallationGuard.swift */; };
		100000000000000000000143 /* PairingAPIClient.swift in Sources */ = {isa = PBXBuildFile; fileRef = F0000000000000000000021B /* PairingAPIClient.swift */; };
		100000000000000000000148 /* CanonicalPreviewBuilder.swift in Sources */ = {isa = PBXBuildFile; fileRef = F0000000000000000000021C /* CanonicalPreviewBuilder.swift */; };
		100000000000000000000149 /* DailySharingStore.swift in Sources */ = {isa = PBXBuildFile; fileRef = F0000000000000000000021D /* DailySharingStore.swift */; };
		10000000000000000000014A /* DailySharingAPIClient.swift in Sources */ = {isa = PBXBuildFile; fileRef = F0000000000000000000021E /* DailySharingAPIClient.swift */; };
		10000000000000000000014B /* DailySharingSyncCoordinator.swift in Sources */ = {isa = PBXBuildFile; fileRef = F0000000000000000000021F /* DailySharingSyncCoordinator.swift */; };
		10000000000000000000014C /* SharingRuntimeSelfTest.swift in Sources */ = {isa = PBXBuildFile; fileRef = F0000000000000000000022A /* SharingRuntimeSelfTest.swift */; };
		10000000000000000000014E /* HomeLocationClassifier.swift in Sources */ = {isa = PBXBuildFile; fileRef = F0000000000000000000022C /* HomeLocationClassifier.swift */; };
		10000000000000000000014F /* GrowthAlbumSelector.swift in Sources */ = {isa = PBXBuildFile; fileRef = F0000000000000000000023A /* GrowthAlbumSelector.swift */; };
		100000000000000000000150 /* GrowthAlbumView.swift in Sources */ = {isa = PBXBuildFile; fileRef = F0000000000000000000023B /* GrowthAlbumView.swift */; };
		100000000000000000000151 /* CatCandidateCuration.swift in Sources */ = {isa = PBXBuildFile; fileRef = F00000000000000000000111 /* CatCandidateCuration.swift */; };
		100000000000000000000152 /* CatCandidateCurationStore.swift in Sources */ = {isa = PBXBuildFile; fileRef = F0000000000000000000022D /* CatCandidateCurationStore.swift */; };
		100000000000000000000153 /* CatCandidateCurationView.swift in Sources */ = {isa = PBXBuildFile; fileRef = F0000000000000000000023C /* CatCandidateCurationView.swift */; };
		100000000000000000000154 /* CatHouseholdIdentity.swift in Sources */ = {isa = PBXBuildFile; fileRef = F00000000000000000000112 /* CatHouseholdIdentity.swift */; };
		100000000000000000000155 /* CatHouseholdIdentityStore.swift in Sources */ = {isa = PBXBuildFile; fileRef = F0000000000000000000022E /* CatHouseholdIdentityStore.swift */; };
		100000000000000000000156 /* CatProfilesPresentation.swift in Sources */ = {isa = PBXBuildFile; fileRef = F0000000000000000000023D /* CatProfilesPresentation.swift */; };
		100000000000000000000157 /* CatProfilesView.swift in Sources */ = {isa = PBXBuildFile; fileRef = F0000000000000000000023E /* CatProfilesView.swift */; };
		100000000000000000000158 /* CatProfilePhotoCurationViews.swift in Sources */ = {isa = PBXBuildFile; fileRef = F0000000000000000000023F /* CatProfilePhotoCurationViews.swift */; };
		100000000000000000000159 /* OnboardingPresentation.swift in Sources */ = {isa = PBXBuildFile; fileRef = F00000000000000000000240 /* OnboardingPresentation.swift */; };
		10000000000000000000015A /* OnboardingView.swift in Sources */ = {isa = PBXBuildFile; fileRef = F00000000000000000000241 /* OnboardingView.swift */; };
		10000000000000000000015B /* WidgetPlacementGuideView.swift in Sources */ = {isa = PBXBuildFile; fileRef = F00000000000000000000242 /* WidgetPlacementGuideView.swift */; };
		10000000000000000000015C /* WidgetInstallationChecker.swift in Sources */ = {isa = PBXBuildFile; fileRef = F00000000000000000000243 /* WidgetInstallationChecker.swift */; };
		10000000000000000000015D /* CatSimilarityGroupingCore.swift in Sources */ = {isa = PBXBuildFile; fileRef = F00000000000000000000244 /* CatSimilarityGroupingCore.swift */; };
		10000000000000000000015E /* CatSimilarityGroupingService.swift in Sources */ = {isa = PBXBuildFile; fileRef = F00000000000000000000245 /* CatSimilarityGroupingService.swift */; };
		10000000000000000000015F /* CatSimilarityReviewPresentation.swift in Sources */ = {isa = PBXBuildFile; fileRef = F00000000000000000000246 /* CatSimilarityReviewPresentation.swift */; };
		100000000000000000000160 /* CatSimilarityReviewView.swift in Sources */ = {isa = PBXBuildFile; fileRef = F00000000000000000000247 /* CatSimilarityReviewView.swift */; };
		100000000000000000000161 /* CatSimilarityReviewCoordinatorView.swift in Sources */ = {isa = PBXBuildFile; fileRef = F00000000000000000000248 /* CatSimilarityReviewCoordinatorView.swift */; };
		100000000000000000000162 /* PhotoBookPolicy.swift in Sources */ = {isa = PBXBuildFile; fileRef = F00000000000000000000249 /* PhotoBookPolicy.swift */; };
		100000000000000000000163 /* PhotoBookPDFExporter.swift in Sources */ = {isa = PBXBuildFile; fileRef = F0000000000000000000024A /* PhotoBookPDFExporter.swift */; };
		100000000000000000000164 /* CatIdentityExperimentCore.swift in Sources */ = {isa = PBXBuildFile; fileRef = F0000000000000000000024B /* CatIdentityExperimentCore.swift */; };
		100000000000000000000165 /* CatIdentityExperimentService.swift in Sources */ = {isa = PBXBuildFile; fileRef = F0000000000000000000024C /* CatIdentityExperimentService.swift */; };
		100000000000000000000166 /* CatIdentityExperimentExporter.swift in Sources */ = {isa = PBXBuildFile; fileRef = F0000000000000000000024D /* CatIdentityExperimentExporter.swift */; };
		100000000000000000000167 /* CatIdentityExperimentView.swift in Sources */ = {isa = PBXBuildFile; fileRef = F0000000000000000000024E /* CatIdentityExperimentView.swift */; };
		100000000000000000000168 /* MomentSharingCore.swift in Sources */ = {isa = PBXBuildFile; fileRef = F000000000000000000001A3 /* MomentSharingCore.swift */; };
		100000000000000000000169 /* MomentSharingStore.swift in Sources */ = {isa = PBXBuildFile; fileRef = F000000000000000000001A4 /* MomentSharingStore.swift */; };
		100000000000000000000170 /* MomentShareHandoffStore.swift in Sources */ = {isa = PBXBuildFile; fileRef = F000000000000000000001A5 /* MomentShareHandoffStore.swift */; };
		100000000000000000000171 /* SharingAPIConfiguration.swift in Sources */ = {isa = PBXBuildFile; fileRef = F000000000000000000001A6 /* SharingAPIConfiguration.swift */; };
		10000000000000000000016A /* MomentCanonicalPreviewBuilder.swift in Sources */ = {isa = PBXBuildFile; fileRef = F00000000000000000000250 /* MomentCanonicalPreviewBuilder.swift */; };
		10000000000000000000016B /* MomentSharePreparationService.swift in Sources */ = {isa = PBXBuildFile; fileRef = F00000000000000000000251 /* MomentSharePreparationService.swift */; };
		10000000000000000000016C /* MomentSharingAPIClient.swift in Sources */ = {isa = PBXBuildFile; fileRef = F00000000000000000000252 /* MomentSharingAPIClient.swift */; };
		10000000000000000000016D /* MomentSharingCoordinator.swift in Sources */ = {isa = PBXBuildFile; fileRef = F00000000000000000000253 /* MomentSharingCoordinator.swift */; };
		100000000000000000000177 /* MomentBackgroundRefreshService.swift in Sources */ = {isa = PBXBuildFile; fileRef = F0000000000000000000025A /* MomentBackgroundRefreshService.swift */; };
		100000000000000000000178 /* MomentShareIngressService.swift in Sources */ = {isa = PBXBuildFile; fileRef = F00000000000000000000354 /* MomentShareIngressService.swift */; };
		100000000000000000000172 /* MomentShareHandoffProcessor.swift in Sources */ = {isa = PBXBuildFile; fileRef = F00000000000000000000256 /* MomentShareHandoffProcessor.swift */; };
		10000000000000000000016E /* MomentSharingViewModel.swift in Sources */ = {isa = PBXBuildFile; fileRef = F00000000000000000000254 /* MomentSharingViewModel.swift */; };
		10000000000000000000016F /* FamilyWindowView.swift in Sources */ = {isa = PBXBuildFile; fileRef = F00000000000000000000255 /* FamilyWindowView.swift */; };
		100000000000000000000173 /* MomentSharingPresentation.swift in Sources */ = {isa = PBXBuildFile; fileRef = F00000000000000000000257 /* MomentSharingPresentation.swift */; };
		100000000000000000000174 /* PairingPresentation.swift in Sources */ = {isa = PBXBuildFile; fileRef = F00000000000000000000258 /* PairingPresentation.swift */; };
		100000000000000000000144 /* PairingViewModel.swift in Sources */ = {isa = PBXBuildFile; fileRef = F00000000000000000000221 /* PairingViewModel.swift */; };
		100000000000000000000130 /* AppPresentationModels.swift in Sources */ = {isa = PBXBuildFile; fileRef = F00000000000000000000230 /* AppPresentationModels.swift */; };
		100000000000000000000179 /* MonthlyWindowPresentation.swift in Sources */ = {isa = PBXBuildFile; fileRef = F0000000000000000000025B /* MonthlyWindowPresentation.swift */; };
		10000000000000000000017A /* MonthlyWindowView.swift in Sources */ = {isa = PBXBuildFile; fileRef = F0000000000000000000025C /* MonthlyWindowView.swift */; };
		10000000000000000000017B /* SeasonalMoviePresentation.swift in Sources */ = {isa = PBXBuildFile; fileRef = F0000000000000000000025D /* SeasonalMoviePresentation.swift */; };
		10000000000000000000017C /* SeasonalMovieCandidateService.swift in Sources */ = {isa = PBXBuildFile; fileRef = F0000000000000000000025E /* SeasonalMovieCandidateService.swift */; };
		10000000000000000000017D /* SeasonalMovieView.swift in Sources */ = {isa = PBXBuildFile; fileRef = F0000000000000000000025F /* SeasonalMovieView.swift */; };
		10000000000000000000017E /* SeasonalMovieArchiveStore.swift in Sources */ = {isa = PBXBuildFile; fileRef = F00000000000000000000260 /* SeasonalMovieArchiveStore.swift */; };
		10000000000000000000017F /* SeasonalMovieExportService.swift in Sources */ = {isa = PBXBuildFile; fileRef = F00000000000000000000261 /* SeasonalMovieExportService.swift */; };
		100000000000000000000180 /* PlusPurchaseStore.swift in Sources */ = {isa = PBXBuildFile; fileRef = F00000000000000000000262 /* PlusPurchaseStore.swift */; };
		100000000000000000000131 /* HomeView.swift in Sources */ = {isa = PBXBuildFile; fileRef = F00000000000000000000231 /* HomeView.swift */; };
		100000000000000000000132 /* LikedPhotosView.swift in Sources */ = {isa = PBXBuildFile; fileRef = F00000000000000000000232 /* LikedPhotosView.swift */; };
		100000000000000000000133 /* MainTabView.swift in Sources */ = {isa = PBXBuildFile; fileRef = F00000000000000000000233 /* MainTabView.swift */; };
		100000000000000000000134 /* PhotoAssetImageView.swift in Sources */ = {isa = PBXBuildFile; fileRef = F00000000000000000000234 /* PhotoAssetImageView.swift */; };
		100000000000000000000135 /* PhotoPermissionView.swift in Sources */ = {isa = PBXBuildFile; fileRef = F00000000000000000000235 /* PhotoPermissionView.swift */; };
		100000000000000000000136 /* ScanStatusView.swift in Sources */ = {isa = PBXBuildFile; fileRef = F00000000000000000000236 /* ScanStatusView.swift */; };
		100000000000000000000137 /* SettingsView.swift in Sources */ = {isa = PBXBuildFile; fileRef = F00000000000000000000237 /* SettingsView.swift */; };
		100000000000000000000138 /* LogView.swift in Sources */ = {isa = PBXBuildFile; fileRef = F00000000000000000000238 /* LogView.swift */; };
		100000000000000000000145 /* PairingView.swift in Sources */ = {isa = PBXBuildFile; fileRef = F00000000000000000000239 /* PairingView.swift */; };
		100000000000000000000139 /* ToggleWidgetLikeIntent.swift in Sources */ = {isa = PBXBuildFile; fileRef = F00000000000000000000317 /* ToggleWidgetLikeIntent.swift */; };
		10000000000000000000013A /* NekoWidgetConfigurationIntent.swift in Sources */ = {isa = PBXBuildFile; fileRef = F00000000000000000000318 /* NekoWidgetConfigurationIntent.swift */; };
		200000000000000000000001 /* SharedContainer.swift in Sources */ = {isa = PBXBuildFile; fileRef = F00000000000000000000101 /* SharedContainer.swift */; };
		200000000000000000000002 /* WidgetManifest.swift in Sources */ = {isa = PBXBuildFile; fileRef = F0000000000000000000010A /* WidgetManifest.swift */; };
		20000000000000000000001B /* WidgetRenderPlan.swift in Sources */ = {isa = PBXBuildFile; fileRef = F00000000000000000000110 /* WidgetRenderPlan.swift */; };
		200000000000000000000003 /* DeepLink.swift in Sources */ = {isa = PBXBuildFile; fileRef = F0000000000000000000010B /* DeepLink.swift */; };
		200000000000000000000004 /* SharedLog.swift in Sources */ = {isa = PBXBuildFile; fileRef = F0000000000000000000010D /* SharedLog.swift */; };
		20000000000000000000001C /* DiagnosticLogPrivacy.swift in Sources */ = {isa = PBXBuildFile; fileRef = F00000000000000000000113 /* DiagnosticLogPrivacy.swift */; };
		20000000000000000000001D /* PairingCore.swift in Sources */ = {isa = PBXBuildFile; fileRef = F000000000000000000001A0 /* PairingCore.swift */; };
		20000000000000000000001E /* MomentSharingCore.swift in Sources */ = {isa = PBXBuildFile; fileRef = F000000000000000000001A3 /* MomentSharingCore.swift */; };
		20000000000000000000001F /* MomentSharingStore.swift in Sources */ = {isa = PBXBuildFile; fileRef = F000000000000000000001A4 /* MomentSharingStore.swift */; };
		200000000000000000000005 /* AtomicJSON.swift in Sources */ = {isa = PBXBuildFile; fileRef = F0000000000000000000010C /* AtomicJSON.swift */; };
		200000000000000000000006 /* SharedLikeStore.swift in Sources */ = {isa = PBXBuildFile; fileRef = F0000000000000000000010E /* SharedLikeStore.swift */; };
		200000000000000000000007 /* CatPawMark.swift in Sources */ = {isa = PBXBuildFile; fileRef = F0000000000000000000010F /* CatPawMark.swift */; };
		200000000000000000000010 /* NekoWidget.swift in Sources */ = {isa = PBXBuildFile; fileRef = F00000000000000000000310 /* NekoWidget.swift */; };
		200000000000000000000011 /* NekoWidgetBundle.swift in Sources */ = {isa = PBXBuildFile; fileRef = F00000000000000000000311 /* NekoWidgetBundle.swift */; };
		200000000000000000000012 /* NekoWidgetEntry.swift in Sources */ = {isa = PBXBuildFile; fileRef = F00000000000000000000312 /* NekoWidgetEntry.swift */; };
		200000000000000000000013 /* NekoWidgetTimelineProvider.swift in Sources */ = {isa = PBXBuildFile; fileRef = F00000000000000000000313 /* NekoWidgetTimelineProvider.swift */; };
		200000000000000000000014 /* NekoWidgetView.swift in Sources */ = {isa = PBXBuildFile; fileRef = F00000000000000000000314 /* NekoWidgetView.swift */; };
		200000000000000000000015 /* WidgetCacheImageLoader.swift in Sources */ = {isa = PBXBuildFile; fileRef = F00000000000000000000315 /* WidgetCacheImageLoader.swift */; };
		200000000000000000000016 /* WidgetManifestReader.swift in Sources */ = {isa = PBXBuildFile; fileRef = F00000000000000000000316 /* WidgetManifestReader.swift */; };
		200000000000000000000017 /* ToggleWidgetLikeIntent.swift in Sources */ = {isa = PBXBuildFile; fileRef = F00000000000000000000317 /* ToggleWidgetLikeIntent.swift */; };
		200000000000000000000018 /* NekoWidgetConfigurationIntent.swift in Sources */ = {isa = PBXBuildFile; fileRef = F00000000000000000000318 /* NekoWidgetConfigurationIntent.swift */; };
		300000000000000000000001 /* PrivacyInfo.xcprivacy in Resources */ = {isa = PBXBuildFile; fileRef = F00000000000000000000205 /* PrivacyInfo.xcprivacy */; };
		300000000000000000000002 /* Assets.xcassets in Resources */ = {isa = PBXBuildFile; fileRef = F00000000000000000000206 /* Assets.xcassets */; };
		400000000000000000000001 /* Photos.framework in Frameworks */ = {isa = PBXBuildFile; fileRef = F00000000000000000000501 /* Photos.framework */; };
		400000000000000000000002 /* Vision.framework in Frameworks */ = {isa = PBXBuildFile; fileRef = F00000000000000000000502 /* Vision.framework */; };
		400000000000000000000003 /* WidgetKit.framework in Frameworks */ = {isa = PBXBuildFile; fileRef = F00000000000000000000503 /* WidgetKit.framework */; };
		400000000000000000000004 /* ImageIO.framework in Frameworks */ = {isa = PBXBuildFile; fileRef = F00000000000000000000504 /* ImageIO.framework */; };
		400000000000000000000005 /* SwiftUI.framework in Frameworks */ = {isa = PBXBuildFile; fileRef = F00000000000000000000505 /* SwiftUI.framework */; };
		400000000000000000000006 /* UIKit.framework in Frameworks */ = {isa = PBXBuildFile; fileRef = F00000000000000000000506 /* UIKit.framework */; };
		400000000000000000000007 /* CoreGraphics.framework in Frameworks */ = {isa = PBXBuildFile; fileRef = F00000000000000000000507 /* CoreGraphics.framework */; };
		400000000000000000000008 /* AppIntents.framework in Frameworks */ = {isa = PBXBuildFile; fileRef = F00000000000000000000508 /* AppIntents.framework */; };
		400000000000000000000009 /* SensitiveContentAnalysis.framework in Frameworks */ = {isa = PBXBuildFile; fileRef = F00000000000000000000509 /* SensitiveContentAnalysis.framework */; };
		410000000000000000000001 /* WidgetKit.framework in Frameworks */ = {isa = PBXBuildFile; fileRef = F00000000000000000000503 /* WidgetKit.framework */; };
		410000000000000000000002 /* ImageIO.framework in Frameworks */ = {isa = PBXBuildFile; fileRef = F00000000000000000000504 /* ImageIO.framework */; };
		410000000000000000000003 /* SwiftUI.framework in Frameworks */ = {isa = PBXBuildFile; fileRef = F00000000000000000000505 /* SwiftUI.framework */; };
		410000000000000000000004 /* UIKit.framework in Frameworks */ = {isa = PBXBuildFile; fileRef = F00000000000000000000506 /* UIKit.framework */; };
		410000000000000000000005 /* AppIntents.framework in Frameworks */ = {isa = PBXBuildFile; fileRef = F00000000000000000000508 /* AppIntents.framework */; };
		500000000000000000000001 /* NekoWidgetWidgetExtension.appex in Embed App Extensions */ = {isa = PBXBuildFile; fileRef = F00000000000000000000402 /* NekoWidgetWidgetExtension.appex */; settings = {ATTRIBUTES = (CodeSignOnCopy, RemoveHeadersOnCopy, ); }; };
		500000000000000000000002 /* NekoWidgetShareExtension.appex in Embed App Extensions */ = {isa = PBXBuildFile; fileRef = F00000000000000000000403 /* NekoWidgetShareExtension.appex */; settings = {ATTRIBUTES = (CodeSignOnCopy, RemoveHeadersOnCopy, ); }; };
		600000000000000000000001 /* PhotoPermissionUITests.swift in Sources */ = {isa = PBXBuildFile; fileRef = F00000000000000000000601 /* PhotoPermissionUITests.swift */; };
		600000000000000000000002 /* WidgetPlacementScreenshotUITests.swift in Sources */ = {isa = PBXBuildFile; fileRef = F00000000000000000000603 /* WidgetPlacementScreenshotUITests.swift */; };
		600000000000000000000003 /* AppStoreScreenshotUITests.swift in Sources */ = {isa = PBXBuildFile; fileRef = F00000000000000000000604 /* AppStoreScreenshotUITests.swift */; };
		700000000000000000000001 /* SharedContainer.swift in Sources */ = {isa = PBXBuildFile; fileRef = F00000000000000000000101 /* SharedContainer.swift */; };
		700000000000000000000002 /* AtomicJSON.swift in Sources */ = {isa = PBXBuildFile; fileRef = F0000000000000000000010C /* AtomicJSON.swift */; };
		700000000000000000000005 /* MomentSharingCore.swift in Sources */ = {isa = PBXBuildFile; fileRef = F000000000000000000001A3 /* MomentSharingCore.swift */; };
		700000000000000000000008 /* MomentCanonicalPreviewBuilder.swift in Sources */ = {isa = PBXBuildFile; fileRef = F00000000000000000000250 /* MomentCanonicalPreviewBuilder.swift */; };
		70000000000000000000000C /* ShareViewController.swift in Sources */ = {isa = PBXBuildFile; fileRef = F00000000000000000000350 /* ShareViewController.swift */; };
		70000000000000000000000D /* WidgetManifest.swift in Sources */ = {isa = PBXBuildFile; fileRef = F0000000000000000000010A /* WidgetManifest.swift */; };
		70000000000000000000000E /* WidgetRenderPlan.swift in Sources */ = {isa = PBXBuildFile; fileRef = F00000000000000000000110 /* WidgetRenderPlan.swift */; };
		70000000000000000000000F /* MomentShareHandoffStore.swift in Sources */ = {isa = PBXBuildFile; fileRef = F000000000000000000001A5 /* MomentShareHandoffStore.swift */; };
		700000000000000000000010 /* SharingAPIConfiguration.swift in Sources */ = {isa = PBXBuildFile; fileRef = F000000000000000000001A6 /* SharingAPIConfiguration.swift */; };
		700000000000000000000011 /* MomentShareIngressService.swift in Sources */ = {isa = PBXBuildFile; fileRef = F00000000000000000000354 /* MomentShareIngressService.swift */; };
		720000000000000000000001 /* ImageIO.framework in Frameworks */ = {isa = PBXBuildFile; fileRef = F00000000000000000000504 /* ImageIO.framework */; };
		720000000000000000000002 /* UIKit.framework in Frameworks */ = {isa = PBXBuildFile; fileRef = F00000000000000000000506 /* UIKit.framework */; };
		720000000000000000000003 /* CoreGraphics.framework in Frameworks */ = {isa = PBXBuildFile; fileRef = F00000000000000000000507 /* CoreGraphics.framework */; };
		730000000000000000000002 /* PrivacyInfo.xcprivacy in Resources */ = {isa = PBXBuildFile; fileRef = F00000000000000000000355 /* PrivacyInfo.xcprivacy */; };
		740000000000000000000001 /* PrivacyInfo.xcprivacy in Resources */ = {isa = PBXBuildFile; fileRef = F00000000000000000000303 /* PrivacyInfo.xcprivacy */; };
/* End PBXBuildFile section */

/* Begin PBXContainerItemProxy section */
		A00000000000000000000030 /* PBXContainerItemProxy */ = {
			isa = PBXContainerItemProxy;
			containerPortal = A00000000000000000000001 /* Project object */;
			proxyType = 1;
			remoteGlobalIDString = A00000000000000000000011;
			remoteInfo = NekoWidgetWidgetExtension;
		};
		A00000000000000000000032 /* PBXContainerItemProxy */ = {
			isa = PBXContainerItemProxy;
			containerPortal = A00000000000000000000001 /* Project object */;
			proxyType = 1;
			remoteGlobalIDString = A00000000000000000000010;
			remoteInfo = NekoWidget;
		};
		A00000000000000000000034 /* PBXContainerItemProxy */ = {
			isa = PBXContainerItemProxy;
			containerPortal = A00000000000000000000001 /* Project object */;
			proxyType = 1;
			remoteGlobalIDString = A00000000000000000000013;
			remoteInfo = NekoWidgetShareExtension;
		};
/* End PBXContainerItemProxy section */

/* Begin PBXCopyFilesBuildPhase section */
		A00000000000000000000024 /* Embed App Extensions */ = {
			isa = PBXCopyFilesBuildPhase;
			buildActionMask = 2147483647;
			dstPath = "";
			dstSubfolderSpec = 13;
			files = (
				500000000000000000000001 /* NekoWidgetWidgetExtension.appex in Embed App Extensions */,
				500000000000000000000002 /* NekoWidgetShareExtension.appex in Embed App Extensions */,
			);
			name = "Embed App Extensions";
			runOnlyForDeploymentPostprocessing = 0;
		};
/* End PBXCopyFilesBuildPhase section */

/* Begin PBXFileReference section */
		F00000000000000000000001 /* Config.xcconfig */ = {isa = PBXFileReference; lastKnownFileType = text.xcconfig; path = Config.xcconfig; sourceTree = "<group>"; };
		F00000000000000000000002 /* Config.Disabled.xcconfig */ = {isa = PBXFileReference; lastKnownFileType = text.xcconfig; path = Config.Disabled.xcconfig; sourceTree = "<group>"; };
		F00000000000000000000101 /* SharedContainer.swift */ = {isa = PBXFileReference; lastKnownFileType = sourcecode.swift; path = SharedContainer.swift; sourceTree = "<group>"; };
		F00000000000000000000102 /* AppSettings.swift */ = {isa = PBXFileReference; lastKnownFileType = sourcecode.swift; path = AppSettings.swift; sourceTree = "<group>"; };
		F00000000000000000000103 /* AssetRecord.swift */ = {isa = PBXFileReference; lastKnownFileType = sourcecode.swift; path = AssetRecord.swift; sourceTree = "<group>"; };
		F00000000000000000000104 /* CatDetection.swift */ = {isa = PBXFileReference; lastKnownFileType = sourcecode.swift; path = CatDetection.swift; sourceTree = "<group>"; };
		F00000000000000000000105 /* LibrarySnapshot.swift */ = {isa = PBXFileReference; lastKnownFileType = sourcecode.swift; path = LibrarySnapshot.swift; sourceTree = "<group>"; };
		F00000000000000000000106 /* NekoWidgetError.swift */ = {isa = PBXFileReference; lastKnownFileType = sourcecode.swift; path = NekoWidgetError.swift; sourceTree = "<group>"; };
		F00000000000000000000107 /* NormalizedRect.swift */ = {isa = PBXFileReference; lastKnownFileType = sourcecode.swift; path = NormalizedRect.swift; sourceTree = "<group>"; };
		F00000000000000000000108 /* ProductConstraints.swift */ = {isa = PBXFileReference; lastKnownFileType = sourcecode.swift; path = ProductConstraints.swift; sourceTree = "<group>"; };
		F00000000000000000000109 /* ScanState.swift */ = {isa = PBXFileReference; lastKnownFileType = sourcecode.swift; path = ScanState.swift; sourceTree = "<group>"; };
		F0000000000000000000010A /* WidgetManifest.swift */ = {isa = PBXFileReference; lastKnownFileType = sourcecode.swift; path = WidgetManifest.swift; sourceTree = "<group>"; };
		F00000000000000000000110 /* WidgetRenderPlan.swift */ = {isa = PBXFileReference; lastKnownFileType = sourcecode.swift; path = WidgetRenderPlan.swift; sourceTree = "<group>"; };
		F00000000000000000000111 /* CatCandidateCuration.swift */ = {isa = PBXFileReference; lastKnownFileType = sourcecode.swift; path = CatCandidateCuration.swift; sourceTree = "<group>"; };
		F00000000000000000000112 /* CatHouseholdIdentity.swift */ = {isa = PBXFileReference; lastKnownFileType = sourcecode.swift; path = CatHouseholdIdentity.swift; sourceTree = "<group>"; };
		F0000000000000000000010B /* DeepLink.swift */ = {isa = PBXFileReference; lastKnownFileType = sourcecode.swift; path = DeepLink.swift; sourceTree = "<group>"; };
		F0000000000000000000010C /* AtomicJSON.swift */ = {isa = PBXFileReference; lastKnownFileType = sourcecode.swift; path = AtomicJSON.swift; sourceTree = "<group>"; };
		F0000000000000000000010D /* SharedLog.swift */ = {isa = PBXFileReference; lastKnownFileType = sourcecode.swift; path = SharedLog.swift; sourceTree = "<group>"; };
		F00000000000000000000113 /* DiagnosticLogPrivacy.swift */ = {isa = PBXFileReference; lastKnownFileType = sourcecode.swift; path = DiagnosticLogPrivacy.swift; sourceTree = "<group>"; };
		F0000000000000000000010E /* SharedLikeStore.swift */ = {isa = PBXFileReference; lastKnownFileType = sourcecode.swift; path = SharedLikeStore.swift; sourceTree = "<group>"; };
		F0000000000000000000010F /* CatPawMark.swift */ = {isa = PBXFileReference; lastKnownFileType = sourcecode.swift; path = CatPawMark.swift; sourceTree = "<group>"; };
		F000000000000000000001A0 /* PairingCore.swift */ = {isa = PBXFileReference; lastKnownFileType = sourcecode.swift; path = PairingCore.swift; sourceTree = "<group>"; };
		F000000000000000000001A1 /* PairingKeychainStore.swift */ = {isa = PBXFileReference; lastKnownFileType = sourcecode.swift; path = PairingKeychainStore.swift; sourceTree = "<group>"; };
		F000000000000000000001A2 /* DailySharingCore.swift */ = {isa = PBXFileReference; lastKnownFileType = sourcecode.swift; path = DailySharingCore.swift; sourceTree = "<group>"; };
		F000000000000000000001A3 /* MomentSharingCore.swift */ = {isa = PBXFileReference; lastKnownFileType = sourcecode.swift; path = MomentSharingCore.swift; sourceTree = "<group>"; };
		F000000000000000000001A4 /* MomentSharingStore.swift */ = {isa = PBXFileReference; lastKnownFileType = sourcecode.swift; path = MomentSharingStore.swift; sourceTree = "<group>"; };
		F000000000000000000001A5 /* MomentShareHandoffStore.swift */ = {isa = PBXFileReference; lastKnownFileType = sourcecode.swift; path = MomentShareHandoffStore.swift; sourceTree = "<group>"; };
		F000000000000000000001A6 /* SharingAPIConfiguration.swift */ = {isa = PBXFileReference; lastKnownFileType = sourcecode.swift; path = SharingAPIConfiguration.swift; sourceTree = "<group>"; };
		F00000000000000000000201 /* AppRootView.swift */ = {isa = PBXFileReference; lastKnownFileType = sourcecode.swift; path = AppRootView.swift; sourceTree = "<group>"; };
		F00000000000000000000202 /* NekoWidgetApp.swift */ = {isa = PBXFileReference; lastKnownFileType = sourcecode.swift; path = NekoWidgetApp.swift; sourceTree = "<group>"; };
		F00000000000000000000259 /* AppStoreScreenshotFixture.swift */ = {isa = PBXFileReference; lastKnownFileType = sourcecode.swift; path = AppStoreScreenshotFixture.swift; sourceTree = "<group>"; };
		F00000000000000000000203 /* Info.plist */ = {isa = PBXFileReference; lastKnownFileType = text.plist.xml; path = Info.plist; sourceTree = "<group>"; };
		F00000000000000000000204 /* NekoWidget.entitlements */ = {isa = PBXFileReference; lastKnownFileType = text.plist.entitlements; path = NekoWidget.entitlements; sourceTree = "<group>"; };
		F00000000000000000000205 /* PrivacyInfo.xcprivacy */ = {isa = PBXFileReference; lastKnownFileType = text.xml; path = PrivacyInfo.xcprivacy; sourceTree = "<group>"; };
		F00000000000000000000206 /* Assets.xcassets */ = {isa = PBXFileReference; lastKnownFileType = folder.assetcatalog; path = Assets.xcassets; sourceTree = "<group>"; };
		F00000000000000000000210 /* JSONExporter.swift */ = {isa = PBXFileReference; lastKnownFileType = sourcecode.swift; path = JSONExporter.swift; sourceTree = "<group>"; };
		F00000000000000000000211 /* LibraryStore.swift */ = {isa = PBXFileReference; lastKnownFileType = sourcecode.swift; path = LibraryStore.swift; sourceTree = "<group>"; };
		F00000000000000000000212 /* PhotoAlbumService.swift */ = {isa = PBXFileReference; lastKnownFileType = sourcecode.swift; path = PhotoAlbumService.swift; sourceTree = "<group>"; };
		F00000000000000000000213 /* PhotoAuthorizationService.swift */ = {isa = PBXFileReference; lastKnownFileType = sourcecode.swift; path = PhotoAuthorizationService.swift; sourceTree = "<group>"; };
		F00000000000000000000214 /* PhotoImageLoader.swift */ = {isa = PBXFileReference; lastKnownFileType = sourcecode.swift; path = PhotoImageLoader.swift; sourceTree = "<group>"; };
		F00000000000000000000215 /* PhotoLibraryObserver.swift */ = {isa = PBXFileReference; lastKnownFileType = sourcecode.swift; path = PhotoLibraryObserver.swift; sourceTree = "<group>"; };
		F00000000000000000000216 /* PhotoLibraryScanner.swift */ = {isa = PBXFileReference; lastKnownFileType = sourcecode.swift; path = PhotoLibraryScanner.swift; sourceTree = "<group>"; };
		F00000000000000000000217 /* PhotoSelectors.swift */ = {isa = PBXFileReference; lastKnownFileType = sourcecode.swift; path = PhotoSelectors.swift; sourceTree = "<group>"; };
		F00000000000000000000218 /* WidgetCacheBuilder.swift */ = {isa = PBXFileReference; lastKnownFileType = sourcecode.swift; path = WidgetCacheBuilder.swift; sourceTree = "<group>"; };
		F00000000000000000000219 /* AppLogStore.swift */ = {isa = PBXFileReference; lastKnownFileType = sourcecode.swift; path = AppLogStore.swift; sourceTree = "<group>"; };
		F00000000000000000000220 /* AppViewModel.swift */ = {isa = PBXFileReference; lastKnownFileType = sourcecode.swift; path = AppViewModel.swift; sourceTree = "<group>"; };
		F0000000000000000000021A /* PairingInstallationGuard.swift */ = {isa = PBXFileReference; lastKnownFileType = sourcecode.swift; path = PairingInstallationGuard.swift; sourceTree = "<group>"; };
		F0000000000000000000021B /* PairingAPIClient.swift */ = {isa = PBXFileReference; lastKnownFileType = sourcecode.swift; path = PairingAPIClient.swift; sourceTree = "<group>"; };
		F0000000000000000000021C /* CanonicalPreviewBuilder.swift */ = {isa = PBXFileReference; lastKnownFileType = sourcecode.swift; path = CanonicalPreviewBuilder.swift; sourceTree = "<group>"; };
		F0000000000000000000021D /* DailySharingStore.swift */ = {isa = PBXFileReference; lastKnownFileType = sourcecode.swift; path = DailySharingStore.swift; sourceTree = "<group>"; };
		F0000000000000000000021E /* DailySharingAPIClient.swift */ = {isa = PBXFileReference; lastKnownFileType = sourcecode.swift; path = DailySharingAPIClient.swift; sourceTree = "<group>"; };
		F0000000000000000000021F /* DailySharingSyncCoordinator.swift */ = {isa = PBXFileReference; lastKnownFileType = sourcecode.swift; path = DailySharingSyncCoordinator.swift; sourceTree = "<group>"; };
		F0000000000000000000022A /* SharingRuntimeSelfTest.swift */ = {isa = PBXFileReference; lastKnownFileType = sourcecode.swift; path = SharingRuntimeSelfTest.swift; sourceTree = "<group>"; };
		F0000000000000000000022C /* HomeLocationClassifier.swift */ = {isa = PBXFileReference; lastKnownFileType = sourcecode.swift; path = HomeLocationClassifier.swift; sourceTree = "<group>"; };
		F00000000000000000000221 /* PairingViewModel.swift */ = {isa = PBXFileReference; lastKnownFileType = sourcecode.swift; path = PairingViewModel.swift; sourceTree = "<group>"; };
		F00000000000000000000230 /* AppPresentationModels.swift */ = {isa = PBXFileReference; lastKnownFileType = sourcecode.swift; path = AppPresentationModels.swift; sourceTree = "<group>"; };
		F0000000000000000000025B /* MonthlyWindowPresentation.swift */ = {isa = PBXFileReference; lastKnownFileType = sourcecode.swift; path = MonthlyWindowPresentation.swift; sourceTree = "<group>"; };
		F0000000000000000000025C /* MonthlyWindowView.swift */ = {isa = PBXFileReference; lastKnownFileType = sourcecode.swift; path = MonthlyWindowView.swift; sourceTree = "<group>"; };
		F0000000000000000000025D /* SeasonalMoviePresentation.swift */ = {isa = PBXFileReference; lastKnownFileType = sourcecode.swift; path = SeasonalMoviePresentation.swift; sourceTree = "<group>"; };
		F0000000000000000000025E /* SeasonalMovieCandidateService.swift */ = {isa = PBXFileReference; lastKnownFileType = sourcecode.swift; path = SeasonalMovieCandidateService.swift; sourceTree = "<group>"; };
		F0000000000000000000025F /* SeasonalMovieView.swift */ = {isa = PBXFileReference; lastKnownFileType = sourcecode.swift; path = SeasonalMovieView.swift; sourceTree = "<group>"; };
		F00000000000000000000260 /* SeasonalMovieArchiveStore.swift */ = {isa = PBXFileReference; lastKnownFileType = sourcecode.swift; path = SeasonalMovieArchiveStore.swift; sourceTree = "<group>"; };
		F00000000000000000000261 /* SeasonalMovieExportService.swift */ = {isa = PBXFileReference; lastKnownFileType = sourcecode.swift; path = SeasonalMovieExportService.swift; sourceTree = "<group>"; };
		F00000000000000000000262 /* PlusPurchaseStore.swift */ = {isa = PBXFileReference; lastKnownFileType = sourcecode.swift; path = PlusPurchaseStore.swift; sourceTree = "<group>"; };
		F00000000000000000000231 /* HomeView.swift */ = {isa = PBXFileReference; lastKnownFileType = sourcecode.swift; path = HomeView.swift; sourceTree = "<group>"; };
		F00000000000000000000232 /* LikedPhotosView.swift */ = {isa = PBXFileReference; lastKnownFileType = sourcecode.swift; path = LikedPhotosView.swift; sourceTree = "<group>"; };
		F00000000000000000000233 /* MainTabView.swift */ = {isa = PBXFileReference; lastKnownFileType = sourcecode.swift; path = MainTabView.swift; sourceTree = "<group>"; };
		F00000000000000000000234 /* PhotoAssetImageView.swift */ = {isa = PBXFileReference; lastKnownFileType = sourcecode.swift; path = PhotoAssetImageView.swift; sourceTree = "<group>"; };
		F00000000000000000000235 /* PhotoPermissionView.swift */ = {isa = PBXFileReference; lastKnownFileType = sourcecode.swift; path = PhotoPermissionView.swift; sourceTree = "<group>"; };
		F00000000000000000000236 /* ScanStatusView.swift */ = {isa = PBXFileReference; lastKnownFileType = sourcecode.swift; path = ScanStatusView.swift; sourceTree = "<group>"; };
		F00000000000000000000237 /* SettingsView.swift */ = {isa = PBXFileReference; lastKnownFileType = sourcecode.swift; path = SettingsView.swift; sourceTree = "<group>"; };
		F00000000000000000000238 /* LogView.swift */ = {isa = PBXFileReference; lastKnownFileType = sourcecode.swift; path = LogView.swift; sourceTree = "<group>"; };
		F00000000000000000000239 /* PairingView.swift */ = {isa = PBXFileReference; lastKnownFileType = sourcecode.swift; path = PairingView.swift; sourceTree = "<group>"; };
		F0000000000000000000023A /* GrowthAlbumSelector.swift */ = {isa = PBXFileReference; lastKnownFileType = sourcecode.swift; path = GrowthAlbumSelector.swift; sourceTree = "<group>"; };
		F0000000000000000000023B /* GrowthAlbumView.swift */ = {isa = PBXFileReference; lastKnownFileType = sourcecode.swift; path = GrowthAlbumView.swift; sourceTree = "<group>"; };
		F0000000000000000000022D /* CatCandidateCurationStore.swift */ = {isa = PBXFileReference; lastKnownFileType = sourcecode.swift; path = CatCandidateCurationStore.swift; sourceTree = "<group>"; };
		F0000000000000000000023C /* CatCandidateCurationView.swift */ = {isa = PBXFileReference; lastKnownFileType = sourcecode.swift; path = CatCandidateCurationView.swift; sourceTree = "<group>"; };
		F0000000000000000000022E /* CatHouseholdIdentityStore.swift */ = {isa = PBXFileReference; lastKnownFileType = sourcecode.swift; path = CatHouseholdIdentityStore.swift; sourceTree = "<group>"; };
		F0000000000000000000023D /* CatProfilesPresentation.swift */ = {isa = PBXFileReference; lastKnownFileType = sourcecode.swift; path = CatProfilesPresentation.swift; sourceTree = "<group>"; };
		F0000000000000000000023E /* CatProfilesView.swift */ = {isa = PBXFileReference; lastKnownFileType = sourcecode.swift; path = CatProfilesView.swift; sourceTree = "<group>"; };
		F0000000000000000000023F /* CatProfilePhotoCurationViews.swift */ = {isa = PBXFileReference; lastKnownFileType = sourcecode.swift; path = CatProfilePhotoCurationViews.swift; sourceTree = "<group>"; };
		F00000000000000000000240 /* OnboardingPresentation.swift */ = {isa = PBXFileReference; lastKnownFileType = sourcecode.swift; path = OnboardingPresentation.swift; sourceTree = "<group>"; };
		F00000000000000000000241 /* OnboardingView.swift */ = {isa = PBXFileReference; lastKnownFileType = sourcecode.swift; path = OnboardingView.swift; sourceTree = "<group>"; };
		F00000000000000000000242 /* WidgetPlacementGuideView.swift */ = {isa = PBXFileReference; lastKnownFileType = sourcecode.swift; path = WidgetPlacementGuideView.swift; sourceTree = "<group>"; };
		F00000000000000000000243 /* WidgetInstallationChecker.swift */ = {isa = PBXFileReference; lastKnownFileType = sourcecode.swift; path = WidgetInstallationChecker.swift; sourceTree = "<group>"; };
		F00000000000000000000244 /* CatSimilarityGroupingCore.swift */ = {isa = PBXFileReference; lastKnownFileType = sourcecode.swift; path = CatSimilarityGroupingCore.swift; sourceTree = "<group>"; };
		F00000000000000000000245 /* CatSimilarityGroupingService.swift */ = {isa = PBXFileReference; lastKnownFileType = sourcecode.swift; path = CatSimilarityGroupingService.swift; sourceTree = "<group>"; };
		F00000000000000000000246 /* CatSimilarityReviewPresentation.swift */ = {isa = PBXFileReference; lastKnownFileType = sourcecode.swift; path = CatSimilarityReviewPresentation.swift; sourceTree = "<group>"; };
		F00000000000000000000247 /* CatSimilarityReviewView.swift */ = {isa = PBXFileReference; lastKnownFileType = sourcecode.swift; path = CatSimilarityReviewView.swift; sourceTree = "<group>"; };
		F00000000000000000000248 /* CatSimilarityReviewCoordinatorView.swift */ = {isa = PBXFileReference; lastKnownFileType = sourcecode.swift; path = CatSimilarityReviewCoordinatorView.swift; sourceTree = "<group>"; };
		F00000000000000000000249 /* PhotoBookPolicy.swift */ = {isa = PBXFileReference; lastKnownFileType = sourcecode.swift; path = PhotoBookPolicy.swift; sourceTree = "<group>"; };
		F0000000000000000000024A /* PhotoBookPDFExporter.swift */ = {isa = PBXFileReference; lastKnownFileType = sourcecode.swift; path = PhotoBookPDFExporter.swift; sourceTree = "<group>"; };
		F0000000000000000000024B /* CatIdentityExperimentCore.swift */ = {isa = PBXFileReference; lastKnownFileType = sourcecode.swift; path = CatIdentityExperimentCore.swift; sourceTree = "<group>"; };
		F0000000000000000000024C /* CatIdentityExperimentService.swift */ = {isa = PBXFileReference; lastKnownFileType = sourcecode.swift; path = CatIdentityExperimentService.swift; sourceTree = "<group>"; };
		F0000000000000000000024D /* CatIdentityExperimentExporter.swift */ = {isa = PBXFileReference; lastKnownFileType = sourcecode.swift; path = CatIdentityExperimentExporter.swift; sourceTree = "<group>"; };
		F0000000000000000000024E /* CatIdentityExperimentView.swift */ = {isa = PBXFileReference; lastKnownFileType = sourcecode.swift; path = CatIdentityExperimentView.swift; sourceTree = "<group>"; };
		F00000000000000000000250 /* MomentCanonicalPreviewBuilder.swift */ = {isa = PBXFileReference; lastKnownFileType = sourcecode.swift; path = MomentCanonicalPreviewBuilder.swift; sourceTree = "<group>"; };
		F00000000000000000000251 /* MomentSharePreparationService.swift */ = {isa = PBXFileReference; lastKnownFileType = sourcecode.swift; path = MomentSharePreparationService.swift; sourceTree = "<group>"; };
		F00000000000000000000252 /* MomentSharingAPIClient.swift */ = {isa = PBXFileReference; lastKnownFileType = sourcecode.swift; path = MomentSharingAPIClient.swift; sourceTree = "<group>"; };
		F00000000000000000000253 /* MomentSharingCoordinator.swift */ = {isa = PBXFileReference; lastKnownFileType = sourcecode.swift; path = MomentSharingCoordinator.swift; sourceTree = "<group>"; };
		F0000000000000000000025A /* MomentBackgroundRefreshService.swift */ = {isa = PBXFileReference; lastKnownFileType = sourcecode.swift; path = MomentBackgroundRefreshService.swift; sourceTree = "<group>"; };
		F00000000000000000000254 /* MomentSharingViewModel.swift */ = {isa = PBXFileReference; lastKnownFileType = sourcecode.swift; path = MomentSharingViewModel.swift; sourceTree = "<group>"; };
		F00000000000000000000255 /* FamilyWindowView.swift */ = {isa = PBXFileReference; lastKnownFileType = sourcecode.swift; path = FamilyWindowView.swift; sourceTree = "<group>"; };
		F00000000000000000000256 /* MomentShareHandoffProcessor.swift */ = {isa = PBXFileReference; lastKnownFileType = sourcecode.swift; path = MomentShareHandoffProcessor.swift; sourceTree = "<group>"; };
		F00000000000000000000257 /* MomentSharingPresentation.swift */ = {isa = PBXFileReference; lastKnownFileType = sourcecode.swift; path = MomentSharingPresentation.swift; sourceTree = "<group>"; };
		F00000000000000000000258 /* PairingPresentation.swift */ = {isa = PBXFileReference; lastKnownFileType = sourcecode.swift; path = PairingPresentation.swift; sourceTree = "<group>"; };
		F00000000000000000000301 /* Info.plist */ = {isa = PBXFileReference; lastKnownFileType = text.plist.xml; path = Info.plist; sourceTree = "<group>"; };
		F00000000000000000000302 /* NekoWidgetWidget.entitlements */ = {isa = PBXFileReference; lastKnownFileType = text.plist.entitlements; path = NekoWidgetWidget.entitlements; sourceTree = "<group>"; };
		F00000000000000000000303 /* PrivacyInfo.xcprivacy */ = {isa = PBXFileReference; lastKnownFileType = text.xml; path = PrivacyInfo.xcprivacy; sourceTree = "<group>"; };
		F00000000000000000000310 /* NekoWidget.swift */ = {isa = PBXFileReference; lastKnownFileType = sourcecode.swift; path = NekoWidget.swift; sourceTree = "<group>"; };
		F00000000000000000000311 /* NekoWidgetBundle.swift */ = {isa = PBXFileReference; lastKnownFileType = sourcecode.swift; path = NekoWidgetBundle.swift; sourceTree = "<group>"; };
		F00000000000000000000312 /* NekoWidgetEntry.swift */ = {isa = PBXFileReference; lastKnownFileType = sourcecode.swift; path = NekoWidgetEntry.swift; sourceTree = "<group>"; };
		F00000000000000000000313 /* NekoWidgetTimelineProvider.swift */ = {isa = PBXFileReference; lastKnownFileType = sourcecode.swift; path = NekoWidgetTimelineProvider.swift; sourceTree = "<group>"; };
		F00000000000000000000314 /* NekoWidgetView.swift */ = {isa = PBXFileReference; lastKnownFileType = sourcecode.swift; path = NekoWidgetView.swift; sourceTree = "<group>"; };
		F00000000000000000000315 /* WidgetCacheImageLoader.swift */ = {isa = PBXFileReference; lastKnownFileType = sourcecode.swift; path = WidgetCacheImageLoader.swift; sourceTree = "<group>"; };
		F00000000000000000000316 /* WidgetManifestReader.swift */ = {isa = PBXFileReference; lastKnownFileType = sourcecode.swift; path = WidgetManifestReader.swift; sourceTree = "<group>"; };
		F00000000000000000000317 /* ToggleWidgetLikeIntent.swift */ = {isa = PBXFileReference; lastKnownFileType = sourcecode.swift; path = ToggleWidgetLikeIntent.swift; sourceTree = "<group>"; };
		F00000000000000000000318 /* NekoWidgetConfigurationIntent.swift */ = {isa = PBXFileReference; lastKnownFileType = sourcecode.swift; path = NekoWidgetConfigurationIntent.swift; sourceTree = "<group>"; };
		F00000000000000000000350 /* ShareViewController.swift */ = {isa = PBXFileReference; lastKnownFileType = sourcecode.swift; path = ShareViewController.swift; sourceTree = "<group>"; };
		F00000000000000000000352 /* Info.plist */ = {isa = PBXFileReference; lastKnownFileType = text.plist.xml; path = Info.plist; sourceTree = "<group>"; };
		F00000000000000000000356 /* Info.Disabled.plist */ = {isa = PBXFileReference; lastKnownFileType = text.plist.xml; path = Info.Disabled.plist; sourceTree = "<group>"; };
		F00000000000000000000353 /* NekoWidgetShareExtension.entitlements */ = {isa = PBXFileReference; lastKnownFileType = text.plist.entitlements; path = NekoWidgetShareExtension.entitlements; sourceTree = "<group>"; };
		F00000000000000000000354 /* MomentShareIngressService.swift */ = {isa = PBXFileReference; lastKnownFileType = sourcecode.swift; path = MomentShareIngressService.swift; sourceTree = "<group>"; };
		F00000000000000000000355 /* PrivacyInfo.xcprivacy */ = {isa = PBXFileReference; lastKnownFileType = text.xml; path = PrivacyInfo.xcprivacy; sourceTree = "<group>"; };
		F00000000000000000000401 /* NekoWidget.app */ = {isa = PBXFileReference; explicitFileType = wrapper.application; includeInIndex = 0; path = NekoWidget.app; sourceTree = BUILT_PRODUCTS_DIR; };
		F00000000000000000000402 /* NekoWidgetWidgetExtension.appex */ = {isa = PBXFileReference; explicitFileType = wrapper.app-extension; includeInIndex = 0; path = NekoWidgetWidgetExtension.appex; sourceTree = BUILT_PRODUCTS_DIR; };
		F00000000000000000000403 /* NekoWidgetShareExtension.appex */ = {isa = PBXFileReference; explicitFileType = wrapper.app-extension; includeInIndex = 0; path = NekoWidgetShareExtension.appex; sourceTree = BUILT_PRODUCTS_DIR; };
		F00000000000000000000501 /* Photos.framework */ = {isa = PBXFileReference; lastKnownFileType = wrapper.framework; name = Photos.framework; path = System/Library/Frameworks/Photos.framework; sourceTree = SDKROOT; };
		F00000000000000000000502 /* Vision.framework */ = {isa = PBXFileReference; lastKnownFileType = wrapper.framework; name = Vision.framework; path = System/Library/Frameworks/Vision.framework; sourceTree = SDKROOT; };
		F00000000000000000000503 /* WidgetKit.framework */ = {isa = PBXFileReference; lastKnownFileType = wrapper.framework; name = WidgetKit.framework; path = System/Library/Frameworks/WidgetKit.framework; sourceTree = SDKROOT; };
		F00000000000000000000504 /* ImageIO.framework */ = {isa = PBXFileReference; lastKnownFileType = wrapper.framework; name = ImageIO.framework; path = System/Library/Frameworks/ImageIO.framework; sourceTree = SDKROOT; };
		F00000000000000000000505 /* SwiftUI.framework */ = {isa = PBXFileReference; lastKnownFileType = wrapper.framework; name = SwiftUI.framework; path = System/Library/Frameworks/SwiftUI.framework; sourceTree = SDKROOT; };
		F00000000000000000000506 /* UIKit.framework */ = {isa = PBXFileReference; lastKnownFileType = wrapper.framework; name = UIKit.framework; path = System/Library/Frameworks/UIKit.framework; sourceTree = SDKROOT; };
		F00000000000000000000507 /* CoreGraphics.framework */ = {isa = PBXFileReference; lastKnownFileType = wrapper.framework; name = CoreGraphics.framework; path = System/Library/Frameworks/CoreGraphics.framework; sourceTree = SDKROOT; };
		F00000000000000000000508 /* AppIntents.framework */ = {isa = PBXFileReference; lastKnownFileType = wrapper.framework; name = AppIntents.framework; path = System/Library/Frameworks/AppIntents.framework; sourceTree = SDKROOT; };
		F00000000000000000000509 /* SensitiveContentAnalysis.framework */ = {isa = PBXFileReference; lastKnownFileType = wrapper.framework; name = SensitiveContentAnalysis.framework; path = System/Library/Frameworks/SensitiveContentAnalysis.framework; sourceTree = SDKROOT; };
		F00000000000000000000601 /* PhotoPermissionUITests.swift */ = {isa = PBXFileReference; lastKnownFileType = sourcecode.swift; path = PhotoPermissionUITests.swift; sourceTree = "<group>"; };
		F00000000000000000000603 /* WidgetPlacementScreenshotUITests.swift */ = {isa = PBXFileReference; lastKnownFileType = sourcecode.swift; path = WidgetPlacementScreenshotUITests.swift; sourceTree = "<group>"; };
		F00000000000000000000604 /* AppStoreScreenshotUITests.swift */ = {isa = PBXFileReference; lastKnownFileType = sourcecode.swift; path = AppStoreScreenshotUITests.swift; sourceTree = "<group>"; };
		F00000000000000000000602 /* NekoWidgetUITests.xctest */ = {isa = PBXFileReference; explicitFileType = wrapper.cfbundle; includeInIndex = 0; path = NekoWidgetUITests.xctest; sourceTree = BUILT_PRODUCTS_DIR; };
/* End PBXFileReference section */

/* Begin PBXFrameworksBuildPhase section */
		A00000000000000000000022 /* Frameworks */ = {
			isa = PBXFrameworksBuildPhase;
			buildActionMask = 2147483647;
			files = (
				400000000000000000000001 /* Photos.framework in Frameworks */,
				400000000000000000000002 /* Vision.framework in Frameworks */,
				400000000000000000000003 /* WidgetKit.framework in Frameworks */,
				400000000000000000000004 /* ImageIO.framework in Frameworks */,
				400000000000000000000005 /* SwiftUI.framework in Frameworks */,
				400000000000000000000006 /* UIKit.framework in Frameworks */,
				400000000000000000000007 /* CoreGraphics.framework in Frameworks */,
				400000000000000000000008 /* AppIntents.framework in Frameworks */,
				400000000000000000000009 /* SensitiveContentAnalysis.framework in Frameworks */,
			);
			runOnlyForDeploymentPostprocessing = 0;
		};
		A00000000000000000000026 /* Frameworks */ = {
			isa = PBXFrameworksBuildPhase;
			buildActionMask = 2147483647;
			files = (
				410000000000000000000001 /* WidgetKit.framework in Frameworks */,
				410000000000000000000002 /* ImageIO.framework in Frameworks */,
				410000000000000000000003 /* SwiftUI.framework in Frameworks */,
				410000000000000000000004 /* UIKit.framework in Frameworks */,
				410000000000000000000005 /* AppIntents.framework in Frameworks */,
			);
			runOnlyForDeploymentPostprocessing = 0;
		};
		A00000000000000000000029 /* Frameworks */ = {
			isa = PBXFrameworksBuildPhase;
			buildActionMask = 2147483647;
			files = (
			);
			runOnlyForDeploymentPostprocessing = 0;
		};
		A0000000000000000000002C /* Frameworks */ = {
			isa = PBXFrameworksBuildPhase;
			buildActionMask = 2147483647;
			files = (
				720000000000000000000001 /* ImageIO.framework in Frameworks */,
				720000000000000000000002 /* UIKit.framework in Frameworks */,
				720000000000000000000003 /* CoreGraphics.framework in Frameworks */,
			);
			runOnlyForDeploymentPostprocessing = 0;
		};
/* End PBXFrameworksBuildPhase section */

/* Begin PBXGroup section */
		A00000000000000000000002 = {
			isa = PBXGroup;
			children = (
				F00000000000000000000001 /* Config.xcconfig */,
				F00000000000000000000002 /* Config.Disabled.xcconfig */,
				B00000000000000000000001 /* Shared */,
				C00000000000000000000001 /* NekoWidget */,
				D00000000000000000000001 /* NekoWidgetWidget */,
				E00000000000000000000002 /* NekoWidgetShareExtension */,
				E00000000000000000000001 /* NekoWidgetUITests */,
				A00000000000000000000004 /* Frameworks */,
				A00000000000000000000003 /* Products */,
			);
			sourceTree = "<group>";
		};
		A00000000000000000000003 /* Products */ = {
			isa = PBXGroup;
			children = (
				F00000000000000000000401 /* NekoWidget.app */,
				F00000000000000000000402 /* NekoWidgetWidgetExtension.appex */,
				F00000000000000000000403 /* NekoWidgetShareExtension.appex */,
				F00000000000000000000602 /* NekoWidgetUITests.xctest */,
			);
			name = Products;
			sourceTree = "<group>";
		};
		A00000000000000000000004 /* Frameworks */ = {
			isa = PBXGroup;
			children = (
				F00000000000000000000501 /* Photos.framework */,
				F00000000000000000000502 /* Vision.framework */,
				F00000000000000000000503 /* WidgetKit.framework */,
				F00000000000000000000504 /* ImageIO.framework */,
				F00000000000000000000505 /* SwiftUI.framework */,
				F00000000000000000000506 /* UIKit.framework */,
				F00000000000000000000507 /* CoreGraphics.framework */,
				F00000000000000000000508 /* AppIntents.framework */,
				F00000000000000000000509 /* SensitiveContentAnalysis.framework */,
			);
			name = Frameworks;
			sourceTree = "<group>";
		};
		B00000000000000000000001 /* Shared */ = {
			isa = PBXGroup;
			children = (
				B00000000000000000000002 /* AppGroup */,
				B00000000000000000000003 /* Models */,
				B00000000000000000000004 /* Routing */,
				B00000000000000000000005 /* Storage */,
				B00000000000000000000006 /* Logging */,
				B00000000000000000000007 /* UI */,
				B00000000000000000000008 /* Sharing */,
			);
			path = Shared;
			sourceTree = "<group>";
		};
		B00000000000000000000002 /* AppGroup */ = {
			isa = PBXGroup;
			children = (
				F00000000000000000000101 /* SharedContainer.swift */,
			);
			path = AppGroup;
			sourceTree = "<group>";
		};
		B00000000000000000000003 /* Models */ = {
			isa = PBXGroup;
			children = (
				F00000000000000000000102 /* AppSettings.swift */,
				F00000000000000000000103 /* AssetRecord.swift */,
				F00000000000000000000104 /* CatDetection.swift */,
				F00000000000000000000105 /* LibrarySnapshot.swift */,
				F00000000000000000000106 /* NekoWidgetError.swift */,
				F00000000000000000000107 /* NormalizedRect.swift */,
				F00000000000000000000108 /* ProductConstraints.swift */,
				F00000000000000000000109 /* ScanState.swift */,
				F0000000000000000000010A /* WidgetManifest.swift */,
				F00000000000000000000110 /* WidgetRenderPlan.swift */,
				F00000000000000000000111 /* CatCandidateCuration.swift */,
				F00000000000000000000112 /* CatHouseholdIdentity.swift */,
			);
			path = Models;
			sourceTree = "<group>";
		};
		B00000000000000000000004 /* Routing */ = {
			isa = PBXGroup;
			children = (
				F0000000000000000000010B /* DeepLink.swift */,
			);
			path = Routing;
			sourceTree = "<group>";
		};
		B00000000000000000000005 /* Storage */ = {
			isa = PBXGroup;
			children = (
				F0000000000000000000010C /* AtomicJSON.swift */,
				F0000000000000000000010E /* SharedLikeStore.swift */,
			);
			path = Storage;
			sourceTree = "<group>";
		};
		B00000000000000000000006 /* Logging */ = {
			isa = PBXGroup;
			children = (
				F00000000000000000000113 /* DiagnosticLogPrivacy.swift */,
				F0000000000000000000010D /* SharedLog.swift */,
			);
			path = Logging;
			sourceTree = "<group>";
		};
		B00000000000000000000007 /* UI */ = {
			isa = PBXGroup;
			children = (
				F0000000000000000000010F /* CatPawMark.swift */,
			);
			path = UI;
			sourceTree = "<group>";
		};
		B00000000000000000000008 /* Sharing */ = {
			isa = PBXGroup;
			children = (
				F000000000000000000001A0 /* PairingCore.swift */,
				F000000000000000000001A1 /* PairingKeychainStore.swift */,
				F000000000000000000001A2 /* DailySharingCore.swift */,
				F000000000000000000001A3 /* MomentSharingCore.swift */,
				F000000000000000000001A4 /* MomentSharingStore.swift */,
				F000000000000000000001A5 /* MomentShareHandoffStore.swift */,
				F000000000000000000001A6 /* SharingAPIConfiguration.swift */,
			);
			path = Sharing;
			sourceTree = "<group>";
		};
		C00000000000000000000001 /* NekoWidget */ = {
			isa = PBXGroup;
			children = (
				C00000000000000000000002 /* App */,
				C00000000000000000000003 /* Services */,
				C00000000000000000000004 /* ViewModels */,
				C00000000000000000000005 /* Views */,
				F00000000000000000000203 /* Info.plist */,
				F00000000000000000000204 /* NekoWidget.entitlements */,
				F00000000000000000000205 /* PrivacyInfo.xcprivacy */,
				F00000000000000000000206 /* Assets.xcassets */,
			);
			path = NekoWidget;
			sourceTree = "<group>";
		};
		C00000000000000000000002 /* App */ = {
			isa = PBXGroup;
			children = (
				F00000000000000000000201 /* AppRootView.swift */,
				F00000000000000000000202 /* NekoWidgetApp.swift */,
				F00000000000000000000259 /* AppStoreScreenshotFixture.swift */,
			);
			path = App;
			sourceTree = "<group>";
		};
		C00000000000000000000003 /* Services */ = {
			isa = PBXGroup;
			children = (
				F00000000000000000000210 /* JSONExporter.swift */,
				F00000000000000000000211 /* LibraryStore.swift */,
				F00000000000000000000212 /* PhotoAlbumService.swift */,
				F00000000000000000000213 /* PhotoAuthorizationService.swift */,
				F00000000000000000000214 /* PhotoImageLoader.swift */,
				F00000000000000000000215 /* PhotoLibraryObserver.swift */,
				F00000000000000000000216 /* PhotoLibraryScanner.swift */,
				F0000000000000000000022C /* HomeLocationClassifier.swift */,
				F00000000000000000000217 /* PhotoSelectors.swift */,
				F00000000000000000000218 /* WidgetCacheBuilder.swift */,
				F00000000000000000000219 /* AppLogStore.swift */,
				F0000000000000000000021A /* PairingInstallationGuard.swift */,
				F0000000000000000000021B /* PairingAPIClient.swift */,
				F0000000000000000000021C /* CanonicalPreviewBuilder.swift */,
				F0000000000000000000021D /* DailySharingStore.swift */,
				F0000000000000000000021E /* DailySharingAPIClient.swift */,
				F0000000000000000000021F /* DailySharingSyncCoordinator.swift */,
				F0000000000000000000022A /* SharingRuntimeSelfTest.swift */,
				F0000000000000000000022D /* CatCandidateCurationStore.swift */,
				F0000000000000000000022E /* CatHouseholdIdentityStore.swift */,
				F00000000000000000000243 /* WidgetInstallationChecker.swift */,
				F00000000000000000000244 /* CatSimilarityGroupingCore.swift */,
				F00000000000000000000245 /* CatSimilarityGroupingService.swift */,
				F00000000000000000000249 /* PhotoBookPolicy.swift */,
				F0000000000000000000024A /* PhotoBookPDFExporter.swift */,
				F0000000000000000000024B /* CatIdentityExperimentCore.swift */,
				F0000000000000000000024C /* CatIdentityExperimentService.swift */,
				F0000000000000000000024D /* CatIdentityExperimentExporter.swift */,
				F00000000000000000000250 /* MomentCanonicalPreviewBuilder.swift */,
				F00000000000000000000251 /* MomentSharePreparationService.swift */,
				F00000000000000000000252 /* MomentSharingAPIClient.swift */,
				F00000000000000000000253 /* MomentSharingCoordinator.swift */,
				F0000000000000000000025A /* MomentBackgroundRefreshService.swift */,
				F00000000000000000000256 /* MomentShareHandoffProcessor.swift */,
				F0000000000000000000025E /* SeasonalMovieCandidateService.swift */,
				F00000000000000000000260 /* SeasonalMovieArchiveStore.swift */,
				F00000000000000000000261 /* SeasonalMovieExportService.swift */,
				F00000000000000000000262 /* PlusPurchaseStore.swift */,
			);
			path = Services;
			sourceTree = "<group>";
		};
		C00000000000000000000004 /* ViewModels */ = {
			isa = PBXGroup;
			children = (
				F00000000000000000000220 /* AppViewModel.swift */,
				F00000000000000000000221 /* PairingViewModel.swift */,
				F00000000000000000000254 /* MomentSharingViewModel.swift */,
			);
			path = ViewModels;
			sourceTree = "<group>";
		};
		C00000000000000000000005 /* Views */ = {
			isa = PBXGroup;
			children = (
				F00000000000000000000230 /* AppPresentationModels.swift */,
				F0000000000000000000025B /* MonthlyWindowPresentation.swift */,
				F0000000000000000000025C /* MonthlyWindowView.swift */,
				F0000000000000000000025D /* SeasonalMoviePresentation.swift */,
				F0000000000000000000025F /* SeasonalMovieView.swift */,
				F00000000000000000000231 /* HomeView.swift */,
				F00000000000000000000232 /* LikedPhotosView.swift */,
				F00000000000000000000233 /* MainTabView.swift */,
				F00000000000000000000234 /* PhotoAssetImageView.swift */,
				F00000000000000000000235 /* PhotoPermissionView.swift */,
				F00000000000000000000236 /* ScanStatusView.swift */,
				F00000000000000000000237 /* SettingsView.swift */,
				F00000000000000000000238 /* LogView.swift */,
				F00000000000000000000239 /* PairingView.swift */,
				F0000000000000000000023A /* GrowthAlbumSelector.swift */,
				F0000000000000000000023B /* GrowthAlbumView.swift */,
				F0000000000000000000023C /* CatCandidateCurationView.swift */,
				F0000000000000000000023D /* CatProfilesPresentation.swift */,
				F0000000000000000000023E /* CatProfilesView.swift */,
				F0000000000000000000023F /* CatProfilePhotoCurationViews.swift */,
				F00000000000000000000240 /* OnboardingPresentation.swift */,
				F00000000000000000000241 /* OnboardingView.swift */,
				F00000000000000000000242 /* WidgetPlacementGuideView.swift */,
				F00000000000000000000246 /* CatSimilarityReviewPresentation.swift */,
				F00000000000000000000247 /* CatSimilarityReviewView.swift */,
				F00000000000000000000248 /* CatSimilarityReviewCoordinatorView.swift */,
				F0000000000000000000024E /* CatIdentityExperimentView.swift */,
				F00000000000000000000255 /* FamilyWindowView.swift */,
				F00000000000000000000257 /* MomentSharingPresentation.swift */,
				F00000000000000000000258 /* PairingPresentation.swift */,
			);
			path = Views;
			sourceTree = "<group>";
		};
		D00000000000000000000001 /* NekoWidgetWidget */ = {
			isa = PBXGroup;
			children = (
				F00000000000000000000310 /* NekoWidget.swift */,
				F00000000000000000000311 /* NekoWidgetBundle.swift */,
				F00000000000000000000312 /* NekoWidgetEntry.swift */,
				F00000000000000000000313 /* NekoWidgetTimelineProvider.swift */,
				F00000000000000000000314 /* NekoWidgetView.swift */,
				F00000000000000000000315 /* WidgetCacheImageLoader.swift */,
				F00000000000000000000316 /* WidgetManifestReader.swift */,
				F00000000000000000000317 /* ToggleWidgetLikeIntent.swift */,
				F00000000000000000000318 /* NekoWidgetConfigurationIntent.swift */,
				F00000000000000000000301 /* Info.plist */,
				F00000000000000000000302 /* NekoWidgetWidget.entitlements */,
				F00000000000000000000303 /* PrivacyInfo.xcprivacy */,
			);
			path = NekoWidgetWidget;
			sourceTree = "<group>";
		};
		E00000000000000000000002 /* NekoWidgetShareExtension */ = {
			isa = PBXGroup;
			children = (
				F00000000000000000000350 /* ShareViewController.swift */,
				F00000000000000000000354 /* MomentShareIngressService.swift */,
				F00000000000000000000352 /* Info.plist */,
				F00000000000000000000356 /* Info.Disabled.plist */,
				F00000000000000000000353 /* NekoWidgetShareExtension.entitlements */,
				F00000000000000000000355 /* PrivacyInfo.xcprivacy */,
			);
			path = NekoWidgetShareExtension;
			sourceTree = "<group>";
		};
		E00000000000000000000001 /* NekoWidgetUITests */ = {
			isa = PBXGroup;
			children = (
				F00000000000000000000601 /* PhotoPermissionUITests.swift */,
				F00000000000000000000603 /* WidgetPlacementScreenshotUITests.swift */,
				F00000000000000000000604 /* AppStoreScreenshotUITests.swift */,
			);
			path = NekoWidgetUITests;
			sourceTree = "<group>";
		};
/* End PBXGroup section */

/* Begin PBXNativeTarget section */
		A00000000000000000000010 /* NekoWidget */ = {
			isa = PBXNativeTarget;
			buildConfigurationList = A00000000000000000000041 /* Build configuration list for PBXNativeTarget "NekoWidget" */;
			buildPhases = (
				A00000000000000000000021 /* Sources */,
				A00000000000000000000022 /* Frameworks */,
				A00000000000000000000023 /* Resources */,
				A00000000000000000000024 /* Embed App Extensions */,
			);
			buildRules = (
			);
			dependencies = (
				A00000000000000000000031 /* PBXTargetDependency */,
				A00000000000000000000035 /* PBXTargetDependency */,
			);
			name = NekoWidget;
			productName = NekoWidget;
			productReference = F00000000000000000000401 /* NekoWidget.app */;
			productType = "com.apple.product-type.application";
		};
		A00000000000000000000011 /* NekoWidgetWidgetExtension */ = {
			isa = PBXNativeTarget;
			buildConfigurationList = A00000000000000000000042 /* Build configuration list for PBXNativeTarget "NekoWidgetWidgetExtension" */;
			buildPhases = (
				A00000000000000000000025 /* Sources */,
				A00000000000000000000026 /* Frameworks */,
				A00000000000000000000027 /* Resources */,
			);
			buildRules = (
			);
			dependencies = (
			);
			name = NekoWidgetWidgetExtension;
			productName = NekoWidgetWidgetExtension;
			productReference = F00000000000000000000402 /* NekoWidgetWidgetExtension.appex */;
			productType = "com.apple.product-type.app-extension";
		};
		A00000000000000000000012 /* NekoWidgetUITests */ = {
			isa = PBXNativeTarget;
			buildConfigurationList = A00000000000000000000043 /* Build configuration list for PBXNativeTarget "NekoWidgetUITests" */;
			buildPhases = (
				A00000000000000000000028 /* Sources */,
				A00000000000000000000029 /* Frameworks */,
				A0000000000000000000002A /* Resources */,
			);
			buildRules = (
			);
			dependencies = (
				A00000000000000000000033 /* PBXTargetDependency */,
			);
			name = NekoWidgetUITests;
			productName = NekoWidgetUITests;
			productReference = F00000000000000000000602 /* NekoWidgetUITests.xctest */;
			productType = "com.apple.product-type.bundle.ui-testing";
		};
		A00000000000000000000013 /* NekoWidgetShareExtension */ = {
			isa = PBXNativeTarget;
			buildConfigurationList = A00000000000000000000044 /* Build configuration list for PBXNativeTarget "NekoWidgetShareExtension" */;
			buildPhases = (
				A0000000000000000000002B /* Sources */,
				A0000000000000000000002C /* Frameworks */,
				A0000000000000000000002D /* Resources */,
			);
			buildRules = (
			);
			dependencies = (
			);
			name = NekoWidgetShareExtension;
			productName = NekoWidgetShareExtension;
			productReference = F00000000000000000000403 /* NekoWidgetShareExtension.appex */;
			productType = "com.apple.product-type.app-extension";
		};
/* End PBXNativeTarget section */

/* Begin PBXProject section */
		A00000000000000000000001 /* Project object */ = {
			isa = PBXProject;
			attributes = {
				BuildIndependentTargetsInParallel = 1;
				LastSwiftUpdateCheck = 1500;
				LastUpgradeCheck = 1500;
				TargetAttributes = {
					A00000000000000000000010 = {
						CreatedOnToolsVersion = 15.0;
						SystemCapabilities = {
							com.apple.ApplicationGroups.iOS = {
								enabled = 1;
							};
						};
					};
					A00000000000000000000011 = {
						CreatedOnToolsVersion = 15.0;
						SystemCapabilities = {
							com.apple.ApplicationGroups.iOS = {
								enabled = 1;
							};
						};
					};
					A00000000000000000000012 = {
						CreatedOnToolsVersion = 15.0;
						TestTargetID = A00000000000000000000010;
					};
					A00000000000000000000013 = {
						CreatedOnToolsVersion = 15.0;
						SystemCapabilities = {
							com.apple.ApplicationGroups.iOS = {
								enabled = 1;
							};
						};
					};
				};
			};
			buildConfigurationList = A00000000000000000000040 /* Build configuration list for PBXProject "NekoWidget" */;
			compatibilityVersion = "Xcode 14.0";
			developmentRegion = ja;
			hasScannedForEncodings = 0;
			knownRegions = (
				ja,
				en,
				Base,
			);
			mainGroup = A00000000000000000000002;
			productRefGroup = A00000000000000000000003 /* Products */;
			projectDirPath = "";
			projectRoot = "";
			targets = (
				A00000000000000000000010 /* NekoWidget */,
				A00000000000000000000011 /* NekoWidgetWidgetExtension */,
				A00000000000000000000012 /* NekoWidgetUITests */,
				A00000000000000000000013 /* NekoWidgetShareExtension */,
			);
		};
/* End PBXProject section */

/* Begin PBXResourcesBuildPhase section */
		A00000000000000000000023 /* Resources */ = {
			isa = PBXResourcesBuildPhase;
			buildActionMask = 2147483647;
			files = (
				300000000000000000000001 /* PrivacyInfo.xcprivacy in Resources */,
				300000000000000000000002 /* Assets.xcassets in Resources */,
			);
			runOnlyForDeploymentPostprocessing = 0;
		};
		A00000000000000000000027 /* Resources */ = {
			isa = PBXResourcesBuildPhase;
			buildActionMask = 2147483647;
			files = (
				740000000000000000000001 /* PrivacyInfo.xcprivacy in Resources */,
			);
			runOnlyForDeploymentPostprocessing = 0;
		};
		A0000000000000000000002A /* Resources */ = {
			isa = PBXResourcesBuildPhase;
			buildActionMask = 2147483647;
			files = (
			);
			runOnlyForDeploymentPostprocessing = 0;
		};
		A0000000000000000000002D /* Resources */ = {
			isa = PBXResourcesBuildPhase;
			buildActionMask = 2147483647;
			files = (
				730000000000000000000002 /* PrivacyInfo.xcprivacy in Resources */,
			);
			runOnlyForDeploymentPostprocessing = 0;
		};
/* End PBXResourcesBuildPhase section */

/* Begin PBXSourcesBuildPhase section */
		A00000000000000000000021 /* Sources */ = {
			isa = PBXSourcesBuildPhase;
			buildActionMask = 2147483647;
			files = (
				100000000000000000000001 /* SharedContainer.swift in Sources */,
				100000000000000000000002 /* AppSettings.swift in Sources */,
				100000000000000000000003 /* AssetRecord.swift in Sources */,
				100000000000000000000004 /* CatDetection.swift in Sources */,
				100000000000000000000005 /* LibrarySnapshot.swift in Sources */,
				100000000000000000000006 /* NekoWidgetError.swift in Sources */,
				100000000000000000000007 /* NormalizedRect.swift in Sources */,
				100000000000000000000008 /* ProductConstraints.swift in Sources */,
				100000000000000000000009 /* ScanState.swift in Sources */,
				10000000000000000000000A /* WidgetManifest.swift in Sources */,
				100000000000000000000146 /* WidgetRenderPlan.swift in Sources */,
				10000000000000000000000B /* DeepLink.swift in Sources */,
				10000000000000000000000C /* AtomicJSON.swift in Sources */,
				10000000000000000000000D /* SharedLog.swift in Sources */,
				100000000000000000000175 /* DiagnosticLogPrivacy.swift in Sources */,
				10000000000000000000000E /* SharedLikeStore.swift in Sources */,
				10000000000000000000000F /* CatPawMark.swift in Sources */,
				100000000000000000000140 /* PairingCore.swift in Sources */,
				100000000000000000000141 /* PairingKeychainStore.swift in Sources */,
				100000000000000000000147 /* DailySharingCore.swift in Sources */,
				100000000000000000000151 /* CatCandidateCuration.swift in Sources */,
				100000000000000000000154 /* CatHouseholdIdentity.swift in Sources */,
				100000000000000000000101 /* AppRootView.swift in Sources */,
				100000000000000000000102 /* NekoWidgetApp.swift in Sources */,
				100000000000000000000176 /* AppStoreScreenshotFixture.swift in Sources */,
				100000000000000000000110 /* JSONExporter.swift in Sources */,
				100000000000000000000111 /* LibraryStore.swift in Sources */,
				100000000000000000000112 /* PhotoAlbumService.swift in Sources */,
				100000000000000000000113 /* PhotoAuthorizationService.swift in Sources */,
				100000000000000000000114 /* PhotoImageLoader.swift in Sources */,
				100000000000000000000115 /* PhotoLibraryObserver.swift in Sources */,
				100000000000000000000116 /* PhotoLibraryScanner.swift in Sources */,
				10000000000000000000014E /* HomeLocationClassifier.swift in Sources */,
				100000000000000000000117 /* PhotoSelectors.swift in Sources */,
				100000000000000000000118 /* WidgetCacheBuilder.swift in Sources */,
				100000000000000000000119 /* AppLogStore.swift in Sources */,
				100000000000000000000120 /* AppViewModel.swift in Sources */,
				100000000000000000000142 /* PairingInstallationGuard.swift in Sources */,
				100000000000000000000143 /* PairingAPIClient.swift in Sources */,
				100000000000000000000148 /* CanonicalPreviewBuilder.swift in Sources */,
				100000000000000000000149 /* DailySharingStore.swift in Sources */,
				10000000000000000000014A /* DailySharingAPIClient.swift in Sources */,
				10000000000000000000014B /* DailySharingSyncCoordinator.swift in Sources */,
				10000000000000000000014C /* SharingRuntimeSelfTest.swift in Sources */,
				100000000000000000000152 /* CatCandidateCurationStore.swift in Sources */,
				100000000000000000000155 /* CatHouseholdIdentityStore.swift in Sources */,
				100000000000000000000144 /* PairingViewModel.swift in Sources */,
				100000000000000000000130 /* AppPresentationModels.swift in Sources */,
				100000000000000000000179 /* MonthlyWindowPresentation.swift in Sources */,
				10000000000000000000017A /* MonthlyWindowView.swift in Sources */,
				10000000000000000000017B /* SeasonalMoviePresentation.swift in Sources */,
				10000000000000000000017C /* SeasonalMovieCandidateService.swift in Sources */,
				10000000000000000000017D /* SeasonalMovieView.swift in Sources */,
				10000000000000000000017E /* SeasonalMovieArchiveStore.swift in Sources */,
				10000000000000000000017F /* SeasonalMovieExportService.swift in Sources */,
				100000000000000000000180 /* PlusPurchaseStore.swift in Sources */,
				10000000000000000000014F /* GrowthAlbumSelector.swift in Sources */,
				100000000000000000000150 /* GrowthAlbumView.swift in Sources */,
				100000000000000000000153 /* CatCandidateCurationView.swift in Sources */,
				100000000000000000000156 /* CatProfilesPresentation.swift in Sources */,
				100000000000000000000157 /* CatProfilesView.swift in Sources */,
				100000000000000000000158 /* CatProfilePhotoCurationViews.swift in Sources */,
				100000000000000000000159 /* OnboardingPresentation.swift in Sources */,
				10000000000000000000015A /* OnboardingView.swift in Sources */,
				10000000000000000000015B /* WidgetPlacementGuideView.swift in Sources */,
				10000000000000000000015C /* WidgetInstallationChecker.swift in Sources */,
				10000000000000000000015D /* CatSimilarityGroupingCore.swift in Sources */,
				10000000000000000000015E /* CatSimilarityGroupingService.swift in Sources */,
				10000000000000000000015F /* CatSimilarityReviewPresentation.swift in Sources */,
				100000000000000000000160 /* CatSimilarityReviewView.swift in Sources */,
				100000000000000000000161 /* CatSimilarityReviewCoordinatorView.swift in Sources */,
				100000000000000000000162 /* PhotoBookPolicy.swift in Sources */,
				100000000000000000000163 /* PhotoBookPDFExporter.swift in Sources */,
				100000000000000000000164 /* CatIdentityExperimentCore.swift in Sources */,
				100000000000000000000165 /* CatIdentityExperimentService.swift in Sources */,
				100000000000000000000166 /* CatIdentityExperimentExporter.swift in Sources */,
				100000000000000000000167 /* CatIdentityExperimentView.swift in Sources */,
				100000000000000000000168 /* MomentSharingCore.swift in Sources */,
				100000000000000000000169 /* MomentSharingStore.swift in Sources */,
				100000000000000000000170 /* MomentShareHandoffStore.swift in Sources */,
				100000000000000000000171 /* SharingAPIConfiguration.swift in Sources */,
				10000000000000000000016A /* MomentCanonicalPreviewBuilder.swift in Sources */,
				10000000000000000000016B /* MomentSharePreparationService.swift in Sources */,
				10000000000000000000016C /* MomentSharingAPIClient.swift in Sources */,
				10000000000000000000016D /* MomentSharingCoordinator.swift in Sources */,
				100000000000000000000177 /* MomentBackgroundRefreshService.swift in Sources */,
				100000000000000000000178 /* MomentShareIngressService.swift in Sources */,
				100000000000000000000172 /* MomentShareHandoffProcessor.swift in Sources */,
				10000000000000000000016E /* MomentSharingViewModel.swift in Sources */,
				10000000000000000000016F /* FamilyWindowView.swift in Sources */,
				100000000000000000000173 /* MomentSharingPresentation.swift in Sources */,
				100000000000000000000174 /* PairingPresentation.swift in Sources */,
				100000000000000000000131 /* HomeView.swift in Sources */,
				100000000000000000000132 /* LikedPhotosView.swift in Sources */,
				100000000000000000000133 /* MainTabView.swift in Sources */,
				100000000000000000000134 /* PhotoAssetImageView.swift in Sources */,
				100000000000000000000135 /* PhotoPermissionView.swift in Sources */,
				100000000000000000000136 /* ScanStatusView.swift in Sources */,
				100000000000000000000137 /* SettingsView.swift in Sources */,
				100000000000000000000138 /* LogView.swift in Sources */,
				100000000000000000000145 /* PairingView.swift in Sources */,
				100000000000000000000139 /* ToggleWidgetLikeIntent.swift in Sources */,
				10000000000000000000013A /* NekoWidgetConfigurationIntent.swift in Sources */,
			);
			runOnlyForDeploymentPostprocessing = 0;
		};
		A00000000000000000000025 /* Sources */ = {
			isa = PBXSourcesBuildPhase;
			buildActionMask = 2147483647;
			files = (
				200000000000000000000001 /* SharedContainer.swift in Sources */,
				200000000000000000000002 /* WidgetManifest.swift in Sources */,
				20000000000000000000001B /* WidgetRenderPlan.swift in Sources */,
				200000000000000000000003 /* DeepLink.swift in Sources */,
				200000000000000000000004 /* SharedLog.swift in Sources */,
				20000000000000000000001C /* DiagnosticLogPrivacy.swift in Sources */,
				20000000000000000000001D /* PairingCore.swift in Sources */,
				20000000000000000000001E /* MomentSharingCore.swift in Sources */,
				20000000000000000000001F /* MomentSharingStore.swift in Sources */,
				200000000000000000000005 /* AtomicJSON.swift in Sources */,
				200000000000000000000006 /* SharedLikeStore.swift in Sources */,
				200000000000000000000007 /* CatPawMark.swift in Sources */,
				200000000000000000000010 /* NekoWidget.swift in Sources */,
				200000000000000000000011 /* NekoWidgetBundle.swift in Sources */,
				200000000000000000000012 /* NekoWidgetEntry.swift in Sources */,
				200000000000000000000013 /* NekoWidgetTimelineProvider.swift in Sources */,
				200000000000000000000014 /* NekoWidgetView.swift in Sources */,
				200000000000000000000015 /* WidgetCacheImageLoader.swift in Sources */,
				200000000000000000000016 /* WidgetManifestReader.swift in Sources */,
				200000000000000000000017 /* ToggleWidgetLikeIntent.swift in Sources */,
				200000000000000000000018 /* NekoWidgetConfigurationIntent.swift in Sources */,
			);
			runOnlyForDeploymentPostprocessing = 0;
		};
		A00000000000000000000028 /* Sources */ = {
			isa = PBXSourcesBuildPhase;
			buildActionMask = 2147483647;
			files = (
				600000000000000000000001 /* PhotoPermissionUITests.swift in Sources */,
				600000000000000000000002 /* WidgetPlacementScreenshotUITests.swift in Sources */,
				600000000000000000000003 /* AppStoreScreenshotUITests.swift in Sources */,
			);
			runOnlyForDeploymentPostprocessing = 0;
		};
		A0000000000000000000002B /* Sources */ = {
			isa = PBXSourcesBuildPhase;
			buildActionMask = 2147483647;
			files = (
				700000000000000000000001 /* SharedContainer.swift in Sources */,
				700000000000000000000002 /* AtomicJSON.swift in Sources */,
				700000000000000000000005 /* MomentSharingCore.swift in Sources */,
				700000000000000000000008 /* MomentCanonicalPreviewBuilder.swift in Sources */,
				70000000000000000000000C /* ShareViewController.swift in Sources */,
				70000000000000000000000D /* WidgetManifest.swift in Sources */,
				70000000000000000000000E /* WidgetRenderPlan.swift in Sources */,
				70000000000000000000000F /* MomentShareHandoffStore.swift in Sources */,
				700000000000000000000010 /* SharingAPIConfiguration.swift in Sources */,
				700000000000000000000011 /* MomentShareIngressService.swift in Sources */,
			);
			runOnlyForDeploymentPostprocessing = 0;
		};
/* End PBXSourcesBuildPhase section */

/* Begin PBXTargetDependency section */
		A00000000000000000000031 /* PBXTargetDependency */ = {
			isa = PBXTargetDependency;
			target = A00000000000000000000011 /* NekoWidgetWidgetExtension */;
			targetProxy = A00000000000000000000030 /* PBXContainerItemProxy */;
		};
		A00000000000000000000033 /* PBXTargetDependency */ = {
			isa = PBXTargetDependency;
			target = A00000000000000000000010 /* NekoWidget */;
			targetProxy = A00000000000000000000032 /* PBXContainerItemProxy */;
		};
		A00000000000000000000035 /* PBXTargetDependency */ = {
			isa = PBXTargetDependency;
			target = A00000000000000000000013 /* NekoWidgetShareExtension */;
			targetProxy = A00000000000000000000034 /* PBXContainerItemProxy */;
		};
/* End PBXTargetDependency section */

/* Begin XCBuildConfiguration section */
		A00000000000000000000050 /* Debug */ = {
			isa = XCBuildConfiguration;
			baseConfigurationReference = F00000000000000000000001 /* Config.xcconfig */;
			buildSettings = {
				ALWAYS_SEARCH_USER_PATHS = NO;
				CLANG_ANALYZER_NONNULL = YES;
				CLANG_ANALYZER_NUMBER_OBJECT_CONVERSION = YES_AGGRESSIVE;
				CLANG_CXX_LANGUAGE_STANDARD = "gnu++20";
				CLANG_ENABLE_MODULES = YES;
				CLANG_ENABLE_OBJC_ARC = YES;
				CLANG_WARN_BLOCK_CAPTURE_AUTORELEASING = YES;
				CLANG_WARN_BOOL_CONVERSION = YES;
				CLANG_WARN_COMMA = YES;
				CLANG_WARN_CONSTANT_CONVERSION = YES;
				CLANG_WARN_DEPRECATED_OBJC_IMPLEMENTATIONS = YES;
				CLANG_WARN_DIRECT_OBJC_ISA_USAGE = YES_ERROR;
				CLANG_WARN_DOCUMENTATION_COMMENTS = YES;
				CLANG_WARN_EMPTY_BODY = YES;
				CLANG_WARN_ENUM_CONVERSION = YES;
				CLANG_WARN_INFINITE_RECURSION = YES;
				CLANG_WARN_INT_CONVERSION = YES;
				CLANG_WARN_NON_LITERAL_NULL_CONVERSION = YES;
				CLANG_WARN_OBJC_IMPLICIT_RETAIN_SELF = YES;
				CLANG_WARN_OBJC_LITERAL_CONVERSION = YES;
				CLANG_WARN_OBJC_ROOT_CLASS = YES_ERROR;
				CLANG_WARN_QUOTED_INCLUDE_IN_FRAMEWORK_HEADER = YES;
				CLANG_WARN_RANGE_LOOP_ANALYSIS = YES;
				CLANG_WARN_STRICT_PROTOTYPES = YES;
				CLANG_WARN_SUSPICIOUS_MOVE = YES;
				CLANG_WARN_UNGUARDED_AVAILABILITY = YES_AGGRESSIVE;
				CLANG_WARN_UNREACHABLE_CODE = YES;
				CLANG_WARN__DUPLICATE_METHOD_MATCH = YES;
				COPY_PHASE_STRIP = NO;
				DEBUG_INFORMATION_FORMAT = dwarf;
				ENABLE_STRICT_OBJC_MSGSEND = YES;
				ENABLE_TESTABILITY = YES;
				ENABLE_USER_SCRIPT_SANDBOXING = YES;
				GCC_C_LANGUAGE_STANDARD = gnu17;
				GCC_DYNAMIC_NO_PIC = NO;
				GCC_NO_COMMON_BLOCKS = YES;
				GCC_OPTIMIZATION_LEVEL = 0;
				GCC_PREPROCESSOR_DEFINITIONS = (
					"DEBUG=1",
					"$(inherited)",
				);
				GCC_WARN_64_TO_32_BIT_CONVERSION = YES;
				GCC_WARN_ABOUT_RETURN_TYPE = YES_ERROR;
				GCC_WARN_UNDECLARED_SELECTOR = YES;
				GCC_WARN_UNINITIALIZED_AUTOS = YES_AGGRESSIVE;
				GCC_WARN_UNUSED_FUNCTION = YES;
				GCC_WARN_UNUSED_VARIABLE = YES;
				MTL_ENABLE_DEBUG_INFO = INCLUDE_SOURCE;
				MTL_FAST_MATH = YES;
				ONLY_ACTIVE_ARCH = YES;
				SDKROOT = iphoneos;
				SWIFT_ACTIVE_COMPILATION_CONDITIONS = "DEBUG $(inherited)";
				SWIFT_OPTIMIZATION_LEVEL = "-Onone";
			};
			name = Debug;
		};
		A00000000000000000000051 /* Release */ = {
			isa = XCBuildConfiguration;
			baseConfigurationReference = F00000000000000000000002 /* Config.Disabled.xcconfig */;
			buildSettings = {
				ALWAYS_SEARCH_USER_PATHS = NO;
				CLANG_ANALYZER_NONNULL = YES;
				CLANG_ANALYZER_NUMBER_OBJECT_CONVERSION = YES_AGGRESSIVE;
				CLANG_CXX_LANGUAGE_STANDARD = "gnu++20";
				CLANG_ENABLE_MODULES = YES;
				CLANG_ENABLE_OBJC_ARC = YES;
				CLANG_WARN_BLOCK_CAPTURE_AUTORELEASING = YES;
				CLANG_WARN_BOOL_CONVERSION = YES;
				CLANG_WARN_COMMA = YES;
				CLANG_WARN_CONSTANT_CONVERSION = YES;
				CLANG_WARN_DEPRECATED_OBJC_IMPLEMENTATIONS = YES;
				CLANG_WARN_DIRECT_OBJC_ISA_USAGE = YES_ERROR;
				CLANG_WARN_DOCUMENTATION_COMMENTS = YES;
				CLANG_WARN_EMPTY_BODY = YES;
				CLANG_WARN_ENUM_CONVERSION = YES;
				CLANG_WARN_INFINITE_RECURSION = YES;
				CLANG_WARN_INT_CONVERSION = YES;
				CLANG_WARN_NON_LITERAL_NULL_CONVERSION = YES;
				CLANG_WARN_OBJC_IMPLICIT_RETAIN_SELF = YES;
				CLANG_WARN_OBJC_LITERAL_CONVERSION = YES;
				CLANG_WARN_OBJC_ROOT_CLASS = YES_ERROR;
				CLANG_WARN_QUOTED_INCLUDE_IN_FRAMEWORK_HEADER = YES;
				CLANG_WARN_RANGE_LOOP_ANALYSIS = YES;
				CLANG_WARN_STRICT_PROTOTYPES = YES;
				CLANG_WARN_SUSPICIOUS_MOVE = YES;
				CLANG_WARN_UNGUARDED_AVAILABILITY = YES_AGGRESSIVE;
				CLANG_WARN_UNREACHABLE_CODE = YES;
				CLANG_WARN__DUPLICATE_METHOD_MATCH = YES;
				COPY_PHASE_STRIP = NO;
				DEBUG_INFORMATION_FORMAT = "dwarf-with-dsym";
				ENABLE_NS_ASSERTIONS = NO;
				ENABLE_STRICT_OBJC_MSGSEND = YES;
				ENABLE_USER_SCRIPT_SANDBOXING = YES;
				GCC_C_LANGUAGE_STANDARD = gnu17;
				GCC_NO_COMMON_BLOCKS = YES;
				GCC_WARN_64_TO_32_BIT_CONVERSION = YES;
				GCC_WARN_ABOUT_RETURN_TYPE = YES_ERROR;
				GCC_WARN_UNDECLARED_SELECTOR = YES;
				GCC_WARN_UNINITIALIZED_AUTOS = YES_AGGRESSIVE;
				GCC_WARN_UNUSED_FUNCTION = YES;
				GCC_WARN_UNUSED_VARIABLE = YES;
				MTL_ENABLE_DEBUG_INFO = NO;
				MTL_FAST_MATH = YES;
				SDKROOT = iphoneos;
				SWIFT_COMPILATION_MODE = wholemodule;
			};
			name = Release;
		};
		A00000000000000000000052 /* Debug */ = {
			isa = XCBuildConfiguration;
			baseConfigurationReference = F00000000000000000000001 /* Config.xcconfig */;
			buildSettings = {
				APS_ENVIRONMENT = development;
				ASSETCATALOG_COMPILER_APPICON_NAME = AppIcon;
				CODE_SIGN_ENTITLEMENTS = NekoWidget/NekoWidget.entitlements;
				CODE_SIGN_STYLE = Automatic;
				CURRENT_PROJECT_VERSION = "$(inherited)";
				DEVELOPMENT_ASSET_PATHS = "";
				GENERATE_INFOPLIST_FILE = NO;
				INFOPLIST_FILE = NekoWidget/Info.plist;
				LD_RUNPATH_SEARCH_PATHS = (
					"$(inherited)",
					"@executable_path/Frameworks",
				);
				MARKETING_VERSION = "$(inherited)";
				PRODUCT_BUNDLE_IDENTIFIER = "$(APP_BUNDLE_IDENTIFIER)";
				PRODUCT_NAME = "$(TARGET_NAME)";
				SUPPORTED_PLATFORMS = "iphoneos iphonesimulator";
				SUPPORTS_MACCATALYST = NO;
				SWIFT_EMIT_LOC_STRINGS = YES;
				SWIFT_VERSION = 5.0;
				TARGETED_DEVICE_FAMILY = 1;
			};
			name = Debug;
		};
		A00000000000000000000053 /* Release */ = {
			isa = XCBuildConfiguration;
			baseConfigurationReference = F00000000000000000000002 /* Config.Disabled.xcconfig */;
			buildSettings = {
				APS_ENVIRONMENT = production;
				ASSETCATALOG_COMPILER_APPICON_NAME = AppIcon;
				CODE_SIGN_ENTITLEMENTS = NekoWidget/NekoWidget.entitlements;
				CODE_SIGN_STYLE = Automatic;
				CURRENT_PROJECT_VERSION = "$(inherited)";
				DEVELOPMENT_ASSET_PATHS = "";
				GENERATE_INFOPLIST_FILE = NO;
				INFOPLIST_FILE = NekoWidget/Info.plist;
				LD_RUNPATH_SEARCH_PATHS = (
					"$(inherited)",
					"@executable_path/Frameworks",
				);
				MARKETING_VERSION = "$(inherited)";
				PRODUCT_BUNDLE_IDENTIFIER = "$(APP_BUNDLE_IDENTIFIER)";
				PRODUCT_NAME = "$(TARGET_NAME)";
				SUPPORTED_PLATFORMS = "iphoneos iphonesimulator";
				SUPPORTS_MACCATALYST = NO;
				SWIFT_EMIT_LOC_STRINGS = YES;
				SWIFT_VERSION = 5.0;
				TARGETED_DEVICE_FAMILY = 1;
				PROVISIONING_PROFILE_SPECIFIER = "$(APP_PROVISIONING_PROFILE_SPECIFIER)";
				VALIDATE_PRODUCT = YES;
			};
			name = Release;
		};
		A00000000000000000000054 /* Debug */ = {
			isa = XCBuildConfiguration;
			baseConfigurationReference = F00000000000000000000001 /* Config.xcconfig */;
			buildSettings = {
				APPLICATION_EXTENSION_API_ONLY = YES;
				CODE_SIGN_ENTITLEMENTS = NekoWidgetWidget/NekoWidgetWidget.entitlements;
				CODE_SIGN_STYLE = Automatic;
				CURRENT_PROJECT_VERSION = "$(inherited)";
				GENERATE_INFOPLIST_FILE = NO;
				INFOPLIST_FILE = NekoWidgetWidget/Info.plist;
				LD_RUNPATH_SEARCH_PATHS = (
					"$(inherited)",
					"@executable_path/Frameworks",
					"@executable_path/../../Frameworks",
				);
				MARKETING_VERSION = "$(inherited)";
				PRODUCT_BUNDLE_IDENTIFIER = "$(WIDGET_BUNDLE_IDENTIFIER)";
				PRODUCT_NAME = "$(TARGET_NAME)";
				SKIP_INSTALL = YES;
				SUPPORTED_PLATFORMS = "iphoneos iphonesimulator";
				SUPPORTS_MACCATALYST = NO;
				SWIFT_ACTIVE_COMPILATION_CONDITIONS = "$(inherited) $(WIDGET_SCREENSHOT_FIXTURE_CONDITION)";
				SWIFT_EMIT_LOC_STRINGS = YES;
				SWIFT_VERSION = 5.0;
				TARGETED_DEVICE_FAMILY = 1;
			};
			name = Debug;
		};
		A00000000000000000000055 /* Release */ = {
			isa = XCBuildConfiguration;
			baseConfigurationReference = F00000000000000000000002 /* Config.Disabled.xcconfig */;
			buildSettings = {
				APPLICATION_EXTENSION_API_ONLY = YES;
				CODE_SIGN_ENTITLEMENTS = NekoWidgetWidget/NekoWidgetWidget.entitlements;
				CODE_SIGN_STYLE = Automatic;
				CURRENT_PROJECT_VERSION = "$(inherited)";
				GENERATE_INFOPLIST_FILE = NO;
				INFOPLIST_FILE = NekoWidgetWidget/Info.plist;
				LD_RUNPATH_SEARCH_PATHS = (
					"$(inherited)",
					"@executable_path/Frameworks",
					"@executable_path/../../Frameworks",
				);
				MARKETING_VERSION = "$(inherited)";
				PRODUCT_BUNDLE_IDENTIFIER = "$(WIDGET_BUNDLE_IDENTIFIER)";
				PRODUCT_NAME = "$(TARGET_NAME)";
				SKIP_INSTALL = YES;
				SUPPORTED_PLATFORMS = "iphoneos iphonesimulator";
				SUPPORTS_MACCATALYST = NO;
				SWIFT_EMIT_LOC_STRINGS = YES;
				SWIFT_VERSION = 5.0;
				TARGETED_DEVICE_FAMILY = 1;
				PROVISIONING_PROFILE_SPECIFIER = "$(WIDGET_PROVISIONING_PROFILE_SPECIFIER)";
				VALIDATE_PRODUCT = YES;
			};
			name = Release;
		};
		A00000000000000000000056 /* Debug */ = {
			isa = XCBuildConfiguration;
			baseConfigurationReference = F00000000000000000000001 /* Config.xcconfig */;
			buildSettings = {
				CODE_SIGN_STYLE = Automatic;
				CURRENT_PROJECT_VERSION = "$(inherited)";
				GENERATE_INFOPLIST_FILE = YES;
				MARKETING_VERSION = "$(inherited)";
				PRODUCT_BUNDLE_IDENTIFIER = "$(APP_BUNDLE_IDENTIFIER).uitests";
				PRODUCT_NAME = "$(TARGET_NAME)";
				SUPPORTED_PLATFORMS = "iphoneos iphonesimulator";
				SWIFT_EMIT_LOC_STRINGS = NO;
				SWIFT_VERSION = 5.0;
				TARGETED_DEVICE_FAMILY = 1;
				TEST_TARGET_NAME = NekoWidget;
			};
			name = Debug;
		};
		A00000000000000000000057 /* Release */ = {
			isa = XCBuildConfiguration;
			baseConfigurationReference = F00000000000000000000001 /* Config.xcconfig */;
			buildSettings = {
				CODE_SIGN_STYLE = Automatic;
				CURRENT_PROJECT_VERSION = "$(inherited)";
				GENERATE_INFOPLIST_FILE = YES;
				MARKETING_VERSION = "$(inherited)";
				PRODUCT_BUNDLE_IDENTIFIER = "$(APP_BUNDLE_IDENTIFIER).uitests";
				PRODUCT_NAME = "$(TARGET_NAME)";
				SUPPORTED_PLATFORMS = "iphoneos iphonesimulator";
				SWIFT_EMIT_LOC_STRINGS = NO;
				SWIFT_VERSION = 5.0;
				TARGETED_DEVICE_FAMILY = 1;
				TEST_TARGET_NAME = NekoWidget;
			};
			name = Release;
		};
		A00000000000000000000058 /* Debug */ = {
			isa = XCBuildConfiguration;
			baseConfigurationReference = F00000000000000000000001 /* Config.xcconfig */;
			buildSettings = {
				APPLICATION_EXTENSION_API_ONLY = YES;
				CODE_SIGN_ENTITLEMENTS = NekoWidgetShareExtension/NekoWidgetShareExtension.entitlements;
				CODE_SIGN_STYLE = Automatic;
				CURRENT_PROJECT_VERSION = "$(inherited)";
				GENERATE_INFOPLIST_FILE = NO;
				INFOPLIST_FILE = "$(SHARE_EXTENSION_INFOPLIST_FILE)";
				LD_RUNPATH_SEARCH_PATHS = (
					"$(inherited)",
					"@executable_path/Frameworks",
					"@executable_path/../../Frameworks",
				);
				MARKETING_VERSION = "$(inherited)";
				PRODUCT_BUNDLE_IDENTIFIER = "$(SHARE_EXTENSION_BUNDLE_IDENTIFIER)";
				PRODUCT_NAME = "$(TARGET_NAME)";
				SKIP_INSTALL = YES;
				SUPPORTED_PLATFORMS = "iphoneos iphonesimulator";
				SUPPORTS_MACCATALYST = NO;
				SWIFT_EMIT_LOC_STRINGS = YES;
				SWIFT_VERSION = 5.0;
				TARGETED_DEVICE_FAMILY = 1;
			};
			name = Debug;
		};
		A00000000000000000000059 /* Release */ = {
			isa = XCBuildConfiguration;
			baseConfigurationReference = F00000000000000000000002 /* Config.Disabled.xcconfig */;
			buildSettings = {
				APPLICATION_EXTENSION_API_ONLY = YES;
				CODE_SIGN_ENTITLEMENTS = NekoWidgetShareExtension/NekoWidgetShareExtension.entitlements;
				CODE_SIGN_STYLE = Automatic;
				CURRENT_PROJECT_VERSION = "$(inherited)";
				GENERATE_INFOPLIST_FILE = NO;
				INFOPLIST_FILE = "$(SHARE_EXTENSION_INFOPLIST_FILE)";
				LD_RUNPATH_SEARCH_PATHS = (
					"$(inherited)",
					"@executable_path/Frameworks",
					"@executable_path/../../Frameworks",
				);
				MARKETING_VERSION = "$(inherited)";
				PRODUCT_BUNDLE_IDENTIFIER = "$(SHARE_EXTENSION_BUNDLE_IDENTIFIER)";
				PRODUCT_NAME = "$(TARGET_NAME)";
				PROVISIONING_PROFILE_SPECIFIER = "$(SHARE_EXTENSION_PROVISIONING_PROFILE_SPECIFIER)";
				SKIP_INSTALL = YES;
				SUPPORTED_PLATFORMS = "iphoneos iphonesimulator";
				SUPPORTS_MACCATALYST = NO;
				SWIFT_EMIT_LOC_STRINGS = YES;
				SWIFT_VERSION = 5.0;
				TARGETED_DEVICE_FAMILY = 1;
				VALIDATE_PRODUCT = YES;
			};
			name = Release;
		};
/* End XCBuildConfiguration section */

/* Begin XCConfigurationList section */
		A00000000000000000000040 /* Build configuration list for PBXProject "NekoWidget" */ = {
			isa = XCConfigurationList;
			buildConfigurations = (
				A00000000000000000000050 /* Debug */,
				A00000000000000000000051 /* Release */,
			);
			defaultConfigurationIsVisible = 0;
			defaultConfigurationName = Release;
		};
		A00000000000000000000041 /* Build configuration list for PBXNativeTarget "NekoWidget" */ = {
			isa = XCConfigurationList;
			buildConfigurations = (
				A00000000000000000000052 /* Debug */,
				A00000000000000000000053 /* Release */,
			);
			defaultConfigurationIsVisible = 0;
			defaultConfigurationName = Release;
		};
		A00000000000000000000042 /* Build configuration list for PBXNativeTarget "NekoWidgetWidgetExtension" */ = {
			isa = XCConfigurationList;
			buildConfigurations = (
				A00000000000000000000054 /* Debug */,
				A00000000000000000000055 /* Release */,
			);
			defaultConfigurationIsVisible = 0;
			defaultConfigurationName = Release;
		};
		A00000000000000000000043 /* Build configuration list for PBXNativeTarget "NekoWidgetUITests" */ = {
			isa = XCConfigurationList;
			buildConfigurations = (
				A00000000000000000000056 /* Debug */,
				A00000000000000000000057 /* Release */,
			);
			defaultConfigurationIsVisible = 0;
			defaultConfigurationName = Release;
		};
		A00000000000000000000044 /* Build configuration list for PBXNativeTarget "NekoWidgetShareExtension" */ = {
			isa = XCConfigurationList;
			buildConfigurations = (
				A00000000000000000000058 /* Debug */,
				A00000000000000000000059 /* Release */,
			);
			defaultConfigurationIsVisible = 0;
			defaultConfigurationName = Release;
		};
/* End XCConfigurationList section */
	};
	rootObject = A00000000000000000000001 /* Project object */;
}
